{
  "version": 4,
  "terraform_version": "1.0.7",
  "serial": 64,
  "lineage": "2d0e0ce4-f447-f51d-6440-3385be39eda5",
  "outputs": {
    "cluster_endpoint": {
      "value": "https://BC94BD61F93E7D9C87F9F0F0D634F60D.gr7.us-east-2.eks.amazonaws.com",
      "type": "string"
    },
    "cluster_id": {
      "value": "education-eks-pDNTRu6C",
      "type": "string"
    },
    "cluster_name": {
      "value": "education-eks-pDNTRu6C",
      "type": "string"
    },
    "cluster_security_group_id": {
      "value": "sg-0b4620c389b2e48fb",
      "type": "string"
    },
    "config_map_aws_auth": {
      "value": [
        {
          "binary_data": {},
          "data": {
            "mapAccounts": "[]\n",
            "mapRoles": "- \"groups\":\n  - \"system:bootstrappers\"\n  - \"system:nodes\"\n  \"rolearn\": \"arn:aws:iam::945782535729:role/education-eks-pDNTRu6C2021092702405939410000000c\"\n  \"username\": \"system:node:{{EC2PrivateDNSName}}\"\n",
            "mapUsers": "[]\n"
          },
          "id": "kube-system/aws-auth",
          "metadata": [
            {
              "annotations": {},
              "generate_name": "",
              "generation": 0,
              "labels": {
                "app.kubernetes.io/managed-by": "Terraform",
                "terraform.io/module": "terraform-aws-modules.eks.aws"
              },
              "name": "aws-auth",
              "namespace": "kube-system",
              "resource_version": "629",
              "uid": "d57c8ba3-bfe9-45cb-be27-c1f8214d9cde"
            }
          ]
        }
      ],
      "type": [
        "tuple",
        [
          [
            "object",
            {
              "binary_data": [
                "map",
                "string"
              ],
              "data": [
                "map",
                "string"
              ],
              "id": "string",
              "metadata": [
                "list",
                [
                  "object",
                  {
                    "annotations": [
                      "map",
                      "string"
                    ],
                    "generate_name": "string",
                    "generation": "number",
                    "labels": [
                      "map",
                      "string"
                    ],
                    "name": "string",
                    "namespace": "string",
                    "resource_version": "string",
                    "uid": "string"
                  }
                ]
              ]
            }
          ]
        ]
      ]
    },
    "kubectl_config": {
      "value": "apiVersion: v1\npreferences: {}\nkind: Config\n\nclusters:\n- cluster:\n    server: https://BC94BD61F93E7D9C87F9F0F0D634F60D.gr7.us-east-2.eks.amazonaws.com\n    certificate-authority-data: LS0tLS1CRUdJTiBDRVJUSUZJQ0FURS0tLS0tCk1JSUM1ekNDQWMrZ0F3SUJBZ0lCQURBTkJna3Foa2lHOXcwQkFRc0ZBREFWTVJNd0VRWURWUVFERXdwcmRXSmwKY201bGRHVnpNQjRYRFRJeE1Ea3lOekF5TXpZME9Gb1hEVE14TURreU5UQXlNelkwT0Zvd0ZURVRNQkVHQTFVRQpBeE1LYTNWaVpYSnVaWFJsY3pDQ0FTSXdEUVlKS29aSWh2Y05BUUVCQlFBRGdnRVBBRENDQVFvQ2dnRUJBTm1SCmxzU0VuUm5ZbkJUVDJBaWJSbXk0RG50azlGb0N6SUkxQSsyMk9kU1JybGxxOXNwZ0ZhYmRxOTJrZ0xXOS9vUDcKK05iYlAzSW9La0JFcVJ5UHFDUkpOQThOL25PSUN3SmYvYy8xdmowaUtJNGNzVDFyQm00ejhqU0gwbVc1bXg4RApnNHRPajVGZ2syUnptQ1FjQS9ZSk9CbzYxQVdjY0tXZXdUL1Q2SGdFSzRnMTRFTnZ2a3pKWjk4anUrbFF1UEY5CjcrbG40Y214OURxUzFlVnJwV0xYeEs4cWxUVDFsdlZMZUJFanE3Z1NnRGZUL2ZMR2pqcEFpZC9vWTVFaldaWkQKNmlZTzk3NWlNZ28vUnUzVXkrT1V1UGVkNVRPckZUQk5jc0s0MHVDNVRQalJHWk96TVZuWERRcmlCMHhRZVViMgoyNlNXSmtNRlRYSWNMT0RYcmo4Q0F3RUFBYU5DTUVBd0RnWURWUjBQQVFIL0JBUURBZ0trTUE4R0ExVWRFd0VCCi93UUZNQU1CQWY4d0hRWURWUjBPQkJZRUZBeWg5QXM1RFBabGhyMTZoZEVTSnM4bk8vekZNQTBHQ1NxR1NJYjMKRFFFQkN3VUFBNElCQVFCSEMzSWgwbGdkcm5kZWlPZEUzeVB6WkQwYWxTQmRqK2F3aHNQYUJVSmdiVHIvVjhKWgorZGg0UzJ3UU1SNStsMHhwRUNTaWpxV1RKMEdCSk5OKzdXUFZmZERrWWFNSElidmVSU2NIRmZVM3kzT2RxYXpwCkdwcW1UZnVKVVlVUEUrdmJHMFdXRS9VWncveStmUG5oVDFZVVFTaHJTZ2FyTU9pMDF4ZHA5SnM0UzRIVHJBRXAKZUFqL0RndW1tcjVvRTYvTFJYV05Gd3puSGtRd1I1OWRwNnlWalJpc2QzVy8zOWd0KzNtQ0JFRk9wQjY0VHV1bQpPZ2VmeFdaZXh6QnpNWGExLzZVYnpQZ0x1MHpIZzR0aGV2SFBZcDJVOVMxbmp6d055eEp1Mm9za0ZOcnFnRHJFCnJISkE1eGJVaDFsSlBleDBsQ3gySXNnSzN6YWVYUWVIM3MyUQotLS0tLUVORCBDRVJUSUZJQ0FURS0tLS0tCg==\n  name: eks_education-eks-pDNTRu6C\n\ncontexts:\n- context:\n    cluster: eks_education-eks-pDNTRu6C\n    user: eks_education-eks-pDNTRu6C\n  name: eks_education-eks-pDNTRu6C\n\ncurrent-context: eks_education-eks-pDNTRu6C\n\nusers:\n- name: eks_education-eks-pDNTRu6C\n  user:\n    exec:\n      apiVersion: client.authentication.k8s.io/v1alpha1\n      command: aws-iam-authenticator\n      args:\n        - \"token\"\n        - \"-i\"\n        - \"education-eks-pDNTRu6C\"\n",
      "type": "string"
    },
    "region": {
      "value": "us-east-2",
      "type": "string"
    }
  },
  "resources": [
    {
      "mode": "data",
      "type": "aws_availability_zones",
      "name": "available",
      "provider": "provider[\"registry.terraform.io/hashicorp/aws\"]",
      "instances": [
        {
          "schema_version": 0,
          "attributes": {
            "all_availability_zones": null,
            "exclude_names": null,
            "exclude_zone_ids": null,
            "filter": null,
            "group_names": [
              "us-east-2"
            ],
            "id": "us-east-2",
            "names": [
              "us-east-2a",
              "us-east-2b",
              "us-east-2c"
            ],
            "state": null,
            "zone_ids": [
              "use2-az1",
              "use2-az2",
              "use2-az3"
            ]
          },
          "sensitive_attributes": []
        }
      ]
    },
    {
      "mode": "data",
      "type": "aws_eks_cluster",
      "name": "cluster",
      "provider": "provider[\"registry.terraform.io/hashicorp/aws\"]",
      "instances": [
        {
          "schema_version": 0,
          "attributes": {
            "arn": "arn:aws:eks:us-east-2:945782535729:cluster/education-eks-pDNTRu6C",
            "certificate_authority": [
              {
                "data": "LS0tLS1CRUdJTiBDRVJUSUZJQ0FURS0tLS0tCk1JSUM1ekNDQWMrZ0F3SUJBZ0lCQURBTkJna3Foa2lHOXcwQkFRc0ZBREFWTVJNd0VRWURWUVFERXdwcmRXSmwKY201bGRHVnpNQjRYRFRJeE1Ea3lOekF5TXpZME9Gb1hEVE14TURreU5UQXlNelkwT0Zvd0ZURVRNQkVHQTFVRQpBeE1LYTNWaVpYSnVaWFJsY3pDQ0FTSXdEUVlKS29aSWh2Y05BUUVCQlFBRGdnRVBBRENDQVFvQ2dnRUJBTm1SCmxzU0VuUm5ZbkJUVDJBaWJSbXk0RG50azlGb0N6SUkxQSsyMk9kU1JybGxxOXNwZ0ZhYmRxOTJrZ0xXOS9vUDcKK05iYlAzSW9La0JFcVJ5UHFDUkpOQThOL25PSUN3SmYvYy8xdmowaUtJNGNzVDFyQm00ejhqU0gwbVc1bXg4RApnNHRPajVGZ2syUnptQ1FjQS9ZSk9CbzYxQVdjY0tXZXdUL1Q2SGdFSzRnMTRFTnZ2a3pKWjk4anUrbFF1UEY5CjcrbG40Y214OURxUzFlVnJwV0xYeEs4cWxUVDFsdlZMZUJFanE3Z1NnRGZUL2ZMR2pqcEFpZC9vWTVFaldaWkQKNmlZTzk3NWlNZ28vUnUzVXkrT1V1UGVkNVRPckZUQk5jc0s0MHVDNVRQalJHWk96TVZuWERRcmlCMHhRZVViMgoyNlNXSmtNRlRYSWNMT0RYcmo4Q0F3RUFBYU5DTUVBd0RnWURWUjBQQVFIL0JBUURBZ0trTUE4R0ExVWRFd0VCCi93UUZNQU1CQWY4d0hRWURWUjBPQkJZRUZBeWg5QXM1RFBabGhyMTZoZEVTSnM4bk8vekZNQTBHQ1NxR1NJYjMKRFFFQkN3VUFBNElCQVFCSEMzSWgwbGdkcm5kZWlPZEUzeVB6WkQwYWxTQmRqK2F3aHNQYUJVSmdiVHIvVjhKWgorZGg0UzJ3UU1SNStsMHhwRUNTaWpxV1RKMEdCSk5OKzdXUFZmZERrWWFNSElidmVSU2NIRmZVM3kzT2RxYXpwCkdwcW1UZnVKVVlVUEUrdmJHMFdXRS9VWncveStmUG5oVDFZVVFTaHJTZ2FyTU9pMDF4ZHA5SnM0UzRIVHJBRXAKZUFqL0RndW1tcjVvRTYvTFJYV05Gd3puSGtRd1I1OWRwNnlWalJpc2QzVy8zOWd0KzNtQ0JFRk9wQjY0VHV1bQpPZ2VmeFdaZXh6QnpNWGExLzZVYnpQZ0x1MHpIZzR0aGV2SFBZcDJVOVMxbmp6d055eEp1Mm9za0ZOcnFnRHJFCnJISkE1eGJVaDFsSlBleDBsQ3gySXNnSzN6YWVYUWVIM3MyUQotLS0tLUVORCBDRVJUSUZJQ0FURS0tLS0tCg=="
              }
            ],
            "created_at": "2021-09-27 02:30:16.336 +0000 UTC",
            "enabled_cluster_log_types": [],
            "endpoint": "https://BC94BD61F93E7D9C87F9F0F0D634F60D.gr7.us-east-2.eks.amazonaws.com",
            "id": "education-eks-pDNTRu6C",
            "identity": [
              {
                "oidc": [
                  {
                    "issuer": "https://oidc.eks.us-east-2.amazonaws.com/id/BC94BD61F93E7D9C87F9F0F0D634F60D"
                  }
                ]
              }
            ],
            "kubernetes_network_config": [
              {
                "service_ipv4_cidr": "172.20.0.0/16"
              }
            ],
            "name": "education-eks-pDNTRu6C",
            "platform_version": "eks.2",
            "role_arn": "arn:aws:iam::945782535729:role/education-eks-pDNTRu6C20210927022955122400000002",
            "status": "ACTIVE",
            "tags": {
              "Environment": "training",
              "GithubOrg": "terraform-aws-modules",
              "GithubRepo": "terraform-aws-eks"
            },
            "version": "1.20",
            "vpc_config": [
              {
                "cluster_security_group_id": "sg-0c59e205e85b839cf",
                "endpoint_private_access": false,
                "endpoint_public_access": true,
                "public_access_cidrs": [
                  "0.0.0.0/0"
                ],
                "security_group_ids": [
                  "sg-0b4620c389b2e48fb"
                ],
                "subnet_ids": [
                  "subnet-0189fc2a4bd80a39a",
                  "subnet-04a830940e7e2a63c",
                  "subnet-07c339643cd37df3a"
                ],
                "vpc_id": "vpc-0a6d4da4b03925237"
              }
            ]
          },
          "sensitive_attributes": []
        }
      ]
    },
    {
      "mode": "data",
      "type": "aws_eks_cluster_auth",
      "name": "cluster",
      "provider": "provider[\"registry.terraform.io/hashicorp/aws\"]",
      "instances": [
        {
          "schema_version": 0,
          "attributes": {
            "id": "education-eks-pDNTRu6C",
            "name": "education-eks-pDNTRu6C",
            "token": "k8s-aws-v1.aHR0cHM6Ly9zdHMuYW1hem9uYXdzLmNvbS8_QWN0aW9uPUdldENhbGxlcklkZW50aXR5JlZlcnNpb249MjAxMS0wNi0xNSZYLUFtei1BbGdvcml0aG09QVdTNC1ITUFDLVNIQTI1NiZYLUFtei1DcmVkZW50aWFsPUFLSUE1WU5JSUdZWVNOSVRJNldSJTJGMjAyMTA5MjclMkZ1cy1lYXN0LTElMkZzdHMlMkZhd3M0X3JlcXVlc3QmWC1BbXotRGF0ZT0yMDIxMDkyN1QwMzE3MDNaJlgtQW16LUV4cGlyZXM9MCZYLUFtei1TaWduZWRIZWFkZXJzPWhvc3QlM0J4LWs4cy1hd3MtaWQmWC1BbXotU2lnbmF0dXJlPTdmODBjMzUxMGMxOWY0MDE5ZDExM2RiMTA0ZWFhZDljZDFjODBiYjNmNjhiYjNlMGU3YWY4MzI3MWFiZWNlMDg"
          },
          "sensitive_attributes": []
        }
      ]
    },
    {
      "mode": "managed",
      "type": "aws_security_group",
      "name": "all_worker_mgmt",
      "provider": "provider[\"registry.terraform.io/hashicorp/aws\"]",
      "instances": [
        {
          "schema_version": 1,
          "attributes": {
            "arn": "arn:aws:ec2:us-east-2:945782535729:security-group/sg-0fc836ac7de3893e9",
            "description": "Managed by Terraform",
            "egress": [],
            "id": "sg-0fc836ac7de3893e9",
            "ingress": [
              {
                "cidr_blocks": [
                  "10.0.0.0/8",
                  "172.16.0.0/12",
                  "192.168.0.0/16"
                ],
                "description": "",
                "from_port": 22,
                "ipv6_cidr_blocks": [],
                "prefix_list_ids": [],
                "protocol": "tcp",
                "security_groups": [],
                "self": false,
                "to_port": 22
              }
            ],
            "name": "all_worker_management20210927023010247300000009",
            "name_prefix": "all_worker_management",
            "owner_id": "945782535729",
            "revoke_rules_on_delete": false,
            "tags": {},
            "tags_all": {},
            "timeouts": null,
            "vpc_id": "vpc-0a6d4da4b03925237"
          },
          "sensitive_attributes": [],
          "private": "eyJlMmJmYjczMC1lY2FhLTExZTYtOGY4OC0zNDM2M2JjN2M0YzAiOnsiY3JlYXRlIjo2MDAwMDAwMDAwMDAsImRlbGV0ZSI6OTAwMDAwMDAwMDAwfSwic2NoZW1hX3ZlcnNpb24iOiIxIn0=",
          "dependencies": [
            "module.vpc.aws_vpc.this",
            "random_string.suffix"
          ]
        }
      ]
    },
    {
      "mode": "managed",
      "type": "aws_security_group",
      "name": "worker_group_mgmt_one",
      "provider": "provider[\"registry.terraform.io/hashicorp/aws\"]",
      "instances": [
        {
          "schema_version": 1,
          "attributes": {
            "arn": "arn:aws:ec2:us-east-2:945782535729:security-group/sg-01796cfa270a56520",
            "description": "Managed by Terraform",
            "egress": [],
            "id": "sg-01796cfa270a56520",
            "ingress": [
              {
                "cidr_blocks": [
                  "10.0.0.0/8"
                ],
                "description": "",
                "from_port": 22,
                "ipv6_cidr_blocks": [],
                "prefix_list_ids": [],
                "protocol": "tcp",
                "security_groups": [],
                "self": false,
                "to_port": 22
              }
            ],
            "name": "worker_group_mgmt_one20210927023010246700000008",
            "name_prefix": "worker_group_mgmt_one",
            "owner_id": "945782535729",
            "revoke_rules_on_delete": false,
            "tags": {},
            "tags_all": {},
            "timeouts": null,
            "vpc_id": "vpc-0a6d4da4b03925237"
          },
          "sensitive_attributes": [],
          "private": "eyJlMmJmYjczMC1lY2FhLTExZTYtOGY4OC0zNDM2M2JjN2M0YzAiOnsiY3JlYXRlIjo2MDAwMDAwMDAwMDAsImRlbGV0ZSI6OTAwMDAwMDAwMDAwfSwic2NoZW1hX3ZlcnNpb24iOiIxIn0=",
          "dependencies": [
            "module.vpc.aws_vpc.this",
            "random_string.suffix"
          ],
          "create_before_destroy": true
        }
      ]
    },
    {
      "mode": "managed",
      "type": "aws_security_group",
      "name": "worker_group_mgmt_two",
      "provider": "provider[\"registry.terraform.io/hashicorp/aws\"]",
      "instances": [
        {
          "schema_version": 1,
          "attributes": {
            "arn": "arn:aws:ec2:us-east-2:945782535729:security-group/sg-089653f76b4ce197c",
            "description": "Managed by Terraform",
            "egress": [],
            "id": "sg-089653f76b4ce197c",
            "ingress": [
              {
                "cidr_blocks": [
                  "192.168.0.0/16"
                ],
                "description": "",
                "from_port": 22,
                "ipv6_cidr_blocks": [],
                "prefix_list_ids": [],
                "protocol": "tcp",
                "security_groups": [],
                "self": false,
                "to_port": 22
              }
            ],
            "name": "worker_group_mgmt_two20210927023010246700000007",
            "name_prefix": "worker_group_mgmt_two",
            "owner_id": "945782535729",
            "revoke_rules_on_delete": false,
            "tags": {},
            "tags_all": {},
            "timeouts": null,
            "vpc_id": "vpc-0a6d4da4b03925237"
          },
          "sensitive_attributes": [],
          "private": "eyJlMmJmYjczMC1lY2FhLTExZTYtOGY4OC0zNDM2M2JjN2M0YzAiOnsiY3JlYXRlIjo2MDAwMDAwMDAwMDAsImRlbGV0ZSI6OTAwMDAwMDAwMDAwfSwic2NoZW1hX3ZlcnNpb24iOiIxIn0=",
          "dependencies": [
            "module.vpc.aws_vpc.this",
            "random_string.suffix"
          ],
          "create_before_destroy": true
        }
      ]
    },
    {
      "mode": "managed",
      "type": "random_string",
      "name": "suffix",
      "provider": "provider[\"registry.terraform.io/hashicorp/random\"]",
      "instances": [
        {
          "schema_version": 1,
          "attributes": {
            "id": "pDNTRu6C",
            "keepers": null,
            "length": 8,
            "lower": true,
            "min_lower": 0,
            "min_numeric": 0,
            "min_special": 0,
            "min_upper": 0,
            "number": true,
            "override_special": null,
            "result": "pDNTRu6C",
            "special": false,
            "upper": true
          },
          "sensitive_attributes": [],
          "private": "eyJzY2hlbWFfdmVyc2lvbiI6IjEifQ==",
          "create_before_destroy": true
        }
      ]
    },
    {
      "module": "module.eks",
      "mode": "data",
      "type": "aws_ami",
      "name": "eks_worker",
      "provider": "provider[\"registry.terraform.io/hashicorp/aws\"]",
      "instances": [
        {
          "index_key": 0,
          "schema_version": 0,
          "attributes": {
            "architecture": "x86_64",
            "arn": "arn:aws:ec2:us-east-2::image/ami-063b6ee58d3ad8fb2",
            "block_device_mappings": [
              {
                "device_name": "/dev/xvda",
                "ebs": {
                  "delete_on_termination": "true",
                  "encrypted": "false",
                  "iops": "0",
                  "snapshot_id": "snap-0711c423026f2fcee",
                  "throughput": "0",
                  "volume_size": "20",
                  "volume_type": "gp2"
                },
                "no_device": "",
                "virtual_name": ""
              }
            ],
            "creation_date": "2021-09-14T21:50:43.000Z",
            "description": "EKS Kubernetes Worker AMI with AmazonLinux2 image, (k8s: 1.21.2, docker: 19.03.13ce-1.amzn2, containerd: 1.4.6-2.amzn2)",
            "ena_support": true,
            "executable_users": null,
            "filter": [
              {
                "name": "name",
                "values": [
                  "amazon-eks-node-1.21-v*"
                ]
              }
            ],
            "hypervisor": "xen",
            "id": "ami-063b6ee58d3ad8fb2",
            "image_id": "ami-063b6ee58d3ad8fb2",
            "image_location": "amazon/amazon-eks-node-1.21-v20210914",
            "image_owner_alias": "amazon",
            "image_type": "machine",
            "kernel_id": null,
            "most_recent": true,
            "name": "amazon-eks-node-1.21-v20210914",
            "name_regex": null,
            "owner_id": "602401143452",
            "owners": [
              "amazon"
            ],
            "platform": null,
            "platform_details": "Linux/UNIX",
            "product_codes": [],
            "public": true,
            "ramdisk_id": null,
            "root_device_name": "/dev/xvda",
            "root_device_type": "ebs",
            "root_snapshot_id": "snap-0711c423026f2fcee",
            "sriov_net_support": "simple",
            "state": "available",
            "state_reason": {
              "code": "UNSET",
              "message": "UNSET"
            },
            "tags": {},
            "usage_operation": "RunInstances",
            "virtualization_type": "hvm"
          },
          "sensitive_attributes": []
        }
      ]
    },
    {
      "module": "module.eks",
      "mode": "data",
      "type": "aws_caller_identity",
      "name": "current",
      "provider": "provider[\"registry.terraform.io/hashicorp/aws\"]",
      "instances": [
        {
          "schema_version": 0,
          "attributes": {
            "account_id": "945782535729",
            "arn": "arn:aws:iam::945782535729:user/nata",
            "id": "945782535729",
            "user_id": "AIDA5YNIIGYYT46VHYJFB"
          },
          "sensitive_attributes": []
        }
      ]
    },
    {
      "module": "module.eks",
      "mode": "data",
      "type": "aws_iam_policy_document",
      "name": "cluster_assume_role_policy",
      "provider": "provider[\"registry.terraform.io/hashicorp/aws\"]",
      "instances": [
        {
          "schema_version": 0,
          "attributes": {
            "id": "2764486067",
            "json": "{\n  \"Version\": \"2012-10-17\",\n  \"Statement\": [\n    {\n      \"Sid\": \"EKSClusterAssumeRole\",\n      \"Effect\": \"Allow\",\n      \"Action\": \"sts:AssumeRole\",\n      \"Principal\": {\n        \"Service\": \"eks.amazonaws.com\"\n      }\n    }\n  ]\n}",
            "override_json": null,
            "override_policy_documents": null,
            "policy_id": null,
            "source_json": null,
            "source_policy_documents": null,
            "statement": [
              {
                "actions": [
                  "sts:AssumeRole"
                ],
                "condition": [],
                "effect": "Allow",
                "not_actions": [],
                "not_principals": [],
                "not_resources": [],
                "principals": [
                  {
                    "identifiers": [
                      "eks.amazonaws.com"
                    ],
                    "type": "Service"
                  }
                ],
                "resources": [],
                "sid": "EKSClusterAssumeRole"
              }
            ],
            "version": "2012-10-17"
          },
          "sensitive_attributes": []
        }
      ]
    },
    {
      "module": "module.eks",
      "mode": "data",
      "type": "aws_iam_policy_document",
      "name": "cluster_elb_sl_role_creation",
      "provider": "provider[\"registry.terraform.io/hashicorp/aws\"]",
      "instances": [
        {
          "index_key": 0,
          "schema_version": 0,
          "attributes": {
            "id": "3709839417",
            "json": "{\n  \"Version\": \"2012-10-17\",\n  \"Statement\": [\n    {\n      \"Sid\": \"\",\n      \"Effect\": \"Allow\",\n      \"Action\": [\n        \"ec2:DescribeInternetGateways\",\n        \"ec2:DescribeAddresses\",\n        \"ec2:DescribeAccountAttributes\"\n      ],\n      \"Resource\": \"*\"\n    }\n  ]\n}",
            "override_json": null,
            "override_policy_documents": null,
            "policy_id": null,
            "source_json": null,
            "source_policy_documents": null,
            "statement": [
              {
                "actions": [
                  "ec2:DescribeAccountAttributes",
                  "ec2:DescribeAddresses",
                  "ec2:DescribeInternetGateways"
                ],
                "condition": [],
                "effect": "Allow",
                "not_actions": [],
                "not_principals": [],
                "not_resources": [],
                "principals": [],
                "resources": [
                  "*"
                ],
                "sid": ""
              }
            ],
            "version": "2012-10-17"
          },
          "sensitive_attributes": []
        }
      ]
    },
    {
      "module": "module.eks",
      "mode": "data",
      "type": "aws_iam_policy_document",
      "name": "workers_assume_role_policy",
      "provider": "provider[\"registry.terraform.io/hashicorp/aws\"]",
      "instances": [
        {
          "schema_version": 0,
          "attributes": {
            "id": "3778018924",
            "json": "{\n  \"Version\": \"2012-10-17\",\n  \"Statement\": [\n    {\n      \"Sid\": \"EKSWorkerAssumeRole\",\n      \"Effect\": \"Allow\",\n      \"Action\": \"sts:AssumeRole\",\n      \"Principal\": {\n        \"Service\": \"ec2.amazonaws.com\"\n      }\n    }\n  ]\n}",
            "override_json": null,
            "override_policy_documents": null,
            "policy_id": null,
            "source_json": null,
            "source_policy_documents": null,
            "statement": [
              {
                "actions": [
                  "sts:AssumeRole"
                ],
                "condition": [],
                "effect": "Allow",
                "not_actions": [],
                "not_principals": [],
                "not_resources": [],
                "principals": [
                  {
                    "identifiers": [
                      "ec2.amazonaws.com"
                    ],
                    "type": "Service"
                  }
                ],
                "resources": [],
                "sid": "EKSWorkerAssumeRole"
              }
            ],
            "version": "2012-10-17"
          },
          "sensitive_attributes": []
        }
      ]
    },
    {
      "module": "module.eks",
      "mode": "data",
      "type": "aws_partition",
      "name": "current",
      "provider": "provider[\"registry.terraform.io/hashicorp/aws\"]",
      "instances": [
        {
          "schema_version": 0,
          "attributes": {
            "dns_suffix": "amazonaws.com",
            "id": "aws",
            "partition": "aws",
            "reverse_dns_prefix": "com.amazonaws"
          },
          "sensitive_attributes": []
        }
      ]
    },
    {
      "module": "module.eks",
      "mode": "data",
      "type": "http",
      "name": "wait_for_cluster",
      "provider": "provider[\"registry.terraform.io/terraform-aws-modules/http\"]",
      "instances": [
        {
          "index_key": 0,
          "schema_version": 0,
          "attributes": {
            "body": "ok",
            "ca_certificate": "-----BEGIN CERTIFICATE-----\nMIIC5zCCAc+gAwIBAgIBADANBgkqhkiG9w0BAQsFADAVMRMwEQYDVQQDEwprdWJl\ncm5ldGVzMB4XDTIxMDkyNzAyMzY0OFoXDTMxMDkyNTAyMzY0OFowFTETMBEGA1UE\nAxMKa3ViZXJuZXRlczCCASIwDQYJKoZIhvcNAQEBBQADggEPADCCAQoCggEBANmR\nlsSEnRnYnBTT2AibRmy4Dntk9FoCzII1A+22OdSRrllq9spgFabdq92kgLW9/oP7\n+NbbP3IoKkBEqRyPqCRJNA8N/nOICwJf/c/1vj0iKI4csT1rBm4z8jSH0mW5mx8D\ng4tOj5Fgk2RzmCQcA/YJOBo61AWccKWewT/T6HgEK4g14ENvvkzJZ98ju+lQuPF9\n7+ln4cmx9DqS1eVrpWLXxK8qlTT1lvVLeBEjq7gSgDfT/fLGjjpAid/oY5EjWZZD\n6iYO975iMgo/Ru3Uy+OUuPed5TOrFTBNcsK40uC5TPjRGZOzMVnXDQriB0xQeUb2\n26SWJkMFTXIcLODXrj8CAwEAAaNCMEAwDgYDVR0PAQH/BAQDAgKkMA8GA1UdEwEB\n/wQFMAMBAf8wHQYDVR0OBBYEFAyh9As5DPZlhr16hdESJs8nO/zFMA0GCSqGSIb3\nDQEBCwUAA4IBAQBHC3Ih0lgdrndeiOdE3yPzZD0alSBdj+awhsPaBUJgbTr/V8JZ\n+dh4S2wQMR5+l0xpECSijqWTJ0GBJNN+7WPVfdDkYaMHIbveRScHFfU3y3Odqazp\nGpqmTfuJUYUPE+vbG0WWE/UZw/y+fPnhT1YUQShrSgarMOi01xdp9Js4S4HTrAEp\neAj/Dgummr5oE6/LRXWNFwznHkQwR59dp6yVjRisd3W/39gt+3mCBEFOpB64Tuum\nOgefxWZexzBzMXa1/6UbzPgLu0zHg4thevHPYp2U9S1njzwNyxJu2oskFNrqgDrE\nrHJA5xbUh1lJPex0lCx2IsgK3zaeXQeH3s2Q\n-----END CERTIFICATE-----\n",
            "id": "https://BC94BD61F93E7D9C87F9F0F0D634F60D.gr7.us-east-2.eks.amazonaws.com/healthz",
            "insecure": false,
            "request_headers": null,
            "response_headers": {
              "Cache-Control": "no-cache, private",
              "Content-Length": "2",
              "Content-Type": "text/plain; charset=utf-8",
              "Date": "Mon, 27 Sep 2021 03:47:15 GMT",
              "X-Content-Type-Options": "nosniff",
              "X-Kubernetes-Pf-Flowschema-Uid": "52a3be3f-5427-4e03-b2e0-088d9529425e",
              "X-Kubernetes-Pf-Prioritylevel-Uid": "edb03451-d85b-4591-a841-1f32aad160b8"
            },
            "timeout": 300,
            "url": "https://BC94BD61F93E7D9C87F9F0F0D634F60D.gr7.us-east-2.eks.amazonaws.com/healthz"
          },
          "sensitive_attributes": []
        }
      ]
    },
    {
      "module": "module.eks",
      "mode": "managed",
      "type": "aws_autoscaling_group",
      "name": "workers",
      "provider": "provider[\"registry.terraform.io/hashicorp/aws\"]",
      "instances": [
        {
          "index_key": 0,
          "schema_version": 0,
          "attributes": {
            "arn": "arn:aws:autoscaling:us-east-2:945782535729:autoScalingGroup:dc366794-fabd-4f7c-ace7-c0c7ad3a7f43:autoScalingGroupName/education-eks-pDNTRu6C-worker-group-120210927024111418500000015",
            "availability_zones": [
              "us-east-2a",
              "us-east-2b",
              "us-east-2c"
            ],
            "capacity_rebalance": false,
            "default_cooldown": 300,
            "desired_capacity": 2,
            "enabled_metrics": [],
            "force_delete": false,
            "force_delete_warm_pool": false,
            "health_check_grace_period": 300,
            "health_check_type": "EC2",
            "id": "education-eks-pDNTRu6C-worker-group-120210927024111418500000015",
            "initial_lifecycle_hook": [],
            "instance_refresh": [],
            "launch_configuration": "education-eks-pDNTRu6C-worker-group-120210927034715010600000001",
            "launch_template": [],
            "load_balancers": [],
            "max_instance_lifetime": 0,
            "max_size": 3,
            "metrics_granularity": "1Minute",
            "min_elb_capacity": null,
            "min_size": 1,
            "mixed_instances_policy": [],
            "name": "education-eks-pDNTRu6C-worker-group-120210927024111418500000015",
            "name_prefix": "education-eks-pDNTRu6C-worker-group-1",
            "placement_group": "",
            "protect_from_scale_in": false,
            "service_linked_role_arn": "arn:aws:iam::945782535729:role/aws-service-role/autoscaling.amazonaws.com/AWSServiceRoleForAutoScaling",
            "suspended_processes": [
              "AZRebalance"
            ],
            "tag": [
              {
                "key": "Environment",
                "propagate_at_launch": true,
                "value": "training"
              },
              {
                "key": "GithubOrg",
                "propagate_at_launch": true,
                "value": "terraform-aws-modules"
              },
              {
                "key": "GithubRepo",
                "propagate_at_launch": true,
                "value": "terraform-aws-eks"
              },
              {
                "key": "Name",
                "propagate_at_launch": true,
                "value": "education-eks-pDNTRu6C-worker-group-1-eks_asg"
              },
              {
                "key": "k8s.io/cluster/education-eks-pDNTRu6C",
                "propagate_at_launch": true,
                "value": "owned"
              },
              {
                "key": "kubernetes.io/cluster/education-eks-pDNTRu6C",
                "propagate_at_launch": true,
                "value": "owned"
              }
            ],
            "tags": null,
            "target_group_arns": [],
            "termination_policies": [],
            "timeouts": null,
            "vpc_zone_identifier": [
              "subnet-0189fc2a4bd80a39a",
              "subnet-04a830940e7e2a63c",
              "subnet-07c339643cd37df3a"
            ],
            "wait_for_capacity_timeout": "10m",
            "wait_for_elb_capacity": null,
            "warm_pool": []
          },
          "sensitive_attributes": [],
          "private": "eyJlMmJmYjczMC1lY2FhLTExZTYtOGY4OC0zNDM2M2JjN2M0YzAiOnsiZGVsZXRlIjo2MDAwMDAwMDAwMDB9fQ==",
          "dependencies": [
            "aws_security_group.worker_group_mgmt_one",
            "aws_security_group.worker_group_mgmt_two",
            "module.eks.aws_cloudwatch_log_group.this",
            "module.eks.aws_eks_cluster.this",
            "module.eks.aws_iam_instance_profile.workers",
            "module.eks.aws_iam_role.cluster",
            "module.eks.aws_iam_role_policy_attachment.cluster_AmazonEKSClusterPolicy",
            "module.eks.aws_iam_role_policy_attachment.cluster_AmazonEKSServicePolicy",
            "module.eks.aws_iam_role_policy_attachment.cluster_AmazonEKSVPCResourceControllerPolicy",
            "module.eks.aws_iam_role_policy_attachment.workers_AmazonEC2ContainerRegistryReadOnly",
            "module.eks.aws_iam_role_policy_attachment.workers_AmazonEKSWorkerNodePolicy",
            "module.eks.aws_iam_role_policy_attachment.workers_AmazonEKS_CNI_Policy",
            "module.eks.aws_iam_role_policy_attachment.workers_additional_policies",
            "module.eks.aws_launch_configuration.workers",
            "module.eks.aws_security_group.cluster",
            "module.eks.aws_security_group.workers",
            "module.eks.aws_security_group_rule.cluster_egress_internet",
            "module.eks.aws_security_group_rule.cluster_https_worker_ingress",
            "module.eks.aws_security_group_rule.cluster_primary_ingress_workers",
            "module.eks.aws_security_group_rule.workers_egress_internet",
            "module.eks.aws_security_group_rule.workers_ingress_cluster",
            "module.eks.aws_security_group_rule.workers_ingress_cluster_https",
            "module.eks.aws_security_group_rule.workers_ingress_cluster_kubelet",
            "module.eks.aws_security_group_rule.workers_ingress_cluster_primary",
            "module.eks.aws_security_group_rule.workers_ingress_self",
            "module.eks.data.aws_ami.eks_worker",
            "module.eks.data.aws_ami.eks_worker_windows",
            "module.eks.data.aws_iam_instance_profile.custom_worker_group_iam_instance_profile",
            "module.eks.data.aws_iam_role.custom_cluster_iam_role",
            "module.vpc.aws_subnet.private",
            "random_string.suffix"
          ],
          "create_before_destroy": true
        },
        {
          "index_key": 1,
          "schema_version": 0,
          "attributes": {
            "arn": "arn:aws:autoscaling:us-east-2:945782535729:autoScalingGroup:68062c6c-6099-4a10-b732-b06ab598579b:autoScalingGroupName/education-eks-pDNTRu6C-worker-group-220210927024111418500000014",
            "availability_zones": [
              "us-east-2a",
              "us-east-2b",
              "us-east-2c"
            ],
            "capacity_rebalance": false,
            "default_cooldown": 300,
            "desired_capacity": 1,
            "enabled_metrics": [],
            "force_delete": false,
            "force_delete_warm_pool": false,
            "health_check_grace_period": 300,
            "health_check_type": "EC2",
            "id": "education-eks-pDNTRu6C-worker-group-220210927024111418500000014",
            "initial_lifecycle_hook": [],
            "instance_refresh": [],
            "launch_configuration": "education-eks-pDNTRu6C-worker-group-220210927034715010600000002",
            "launch_template": [],
            "load_balancers": [],
            "max_instance_lifetime": 0,
            "max_size": 3,
            "metrics_granularity": "1Minute",
            "min_elb_capacity": null,
            "min_size": 1,
            "mixed_instances_policy": [],
            "name": "education-eks-pDNTRu6C-worker-group-220210927024111418500000014",
            "name_prefix": "education-eks-pDNTRu6C-worker-group-2",
            "placement_group": "",
            "protect_from_scale_in": false,
            "service_linked_role_arn": "arn:aws:iam::945782535729:role/aws-service-role/autoscaling.amazonaws.com/AWSServiceRoleForAutoScaling",
            "suspended_processes": [
              "AZRebalance"
            ],
            "tag": [
              {
                "key": "Environment",
                "propagate_at_launch": true,
                "value": "training"
              },
              {
                "key": "GithubOrg",
                "propagate_at_launch": true,
                "value": "terraform-aws-modules"
              },
              {
                "key": "GithubRepo",
                "propagate_at_launch": true,
                "value": "terraform-aws-eks"
              },
              {
                "key": "Name",
                "propagate_at_launch": true,
                "value": "education-eks-pDNTRu6C-worker-group-2-eks_asg"
              },
              {
                "key": "k8s.io/cluster/education-eks-pDNTRu6C",
                "propagate_at_launch": true,
                "value": "owned"
              },
              {
                "key": "kubernetes.io/cluster/education-eks-pDNTRu6C",
                "propagate_at_launch": true,
                "value": "owned"
              }
            ],
            "tags": null,
            "target_group_arns": [],
            "termination_policies": [],
            "timeouts": null,
            "vpc_zone_identifier": [
              "subnet-0189fc2a4bd80a39a",
              "subnet-04a830940e7e2a63c",
              "subnet-07c339643cd37df3a"
            ],
            "wait_for_capacity_timeout": "10m",
            "wait_for_elb_capacity": null,
            "warm_pool": []
          },
          "sensitive_attributes": [],
          "private": "eyJlMmJmYjczMC1lY2FhLTExZTYtOGY4OC0zNDM2M2JjN2M0YzAiOnsiZGVsZXRlIjo2MDAwMDAwMDAwMDB9fQ==",
          "dependencies": [
            "aws_security_group.worker_group_mgmt_one",
            "aws_security_group.worker_group_mgmt_two",
            "module.eks.aws_cloudwatch_log_group.this",
            "module.eks.aws_eks_cluster.this",
            "module.eks.aws_iam_instance_profile.workers",
            "module.eks.aws_iam_role.cluster",
            "module.eks.aws_iam_role_policy_attachment.cluster_AmazonEKSClusterPolicy",
            "module.eks.aws_iam_role_policy_attachment.cluster_AmazonEKSServicePolicy",
            "module.eks.aws_iam_role_policy_attachment.cluster_AmazonEKSVPCResourceControllerPolicy",
            "module.eks.aws_iam_role_policy_attachment.workers_AmazonEC2ContainerRegistryReadOnly",
            "module.eks.aws_iam_role_policy_attachment.workers_AmazonEKSWorkerNodePolicy",
            "module.eks.aws_iam_role_policy_attachment.workers_AmazonEKS_CNI_Policy",
            "module.eks.aws_iam_role_policy_attachment.workers_additional_policies",
            "module.eks.aws_launch_configuration.workers",
            "module.eks.aws_security_group.cluster",
            "module.eks.aws_security_group.workers",
            "module.eks.aws_security_group_rule.cluster_egress_internet",
            "module.eks.aws_security_group_rule.cluster_https_worker_ingress",
            "module.eks.aws_security_group_rule.cluster_primary_ingress_workers",
            "module.eks.aws_security_group_rule.workers_egress_internet",
            "module.eks.aws_security_group_rule.workers_ingress_cluster",
            "module.eks.aws_security_group_rule.workers_ingress_cluster_https",
            "module.eks.aws_security_group_rule.workers_ingress_cluster_kubelet",
            "module.eks.aws_security_group_rule.workers_ingress_cluster_primary",
            "module.eks.aws_security_group_rule.workers_ingress_self",
            "module.eks.data.aws_ami.eks_worker",
            "module.eks.data.aws_ami.eks_worker_windows",
            "module.eks.data.aws_iam_instance_profile.custom_worker_group_iam_instance_profile",
            "module.eks.data.aws_iam_role.custom_cluster_iam_role",
            "module.vpc.aws_subnet.private",
            "random_string.suffix"
          ],
          "create_before_destroy": true
        }
      ]
    },
    {
      "module": "module.eks",
      "mode": "managed",
      "type": "aws_eks_cluster",
      "name": "this",
      "provider": "provider[\"registry.terraform.io/hashicorp/aws\"]",
      "instances": [
        {
          "index_key": 0,
          "schema_version": 0,
          "attributes": {
            "arn": "arn:aws:eks:us-east-2:945782535729:cluster/education-eks-pDNTRu6C",
            "certificate_authority": [
              {
                "data": "LS0tLS1CRUdJTiBDRVJUSUZJQ0FURS0tLS0tCk1JSUM1ekNDQWMrZ0F3SUJBZ0lCQURBTkJna3Foa2lHOXcwQkFRc0ZBREFWTVJNd0VRWURWUVFERXdwcmRXSmwKY201bGRHVnpNQjRYRFRJeE1Ea3lOekF5TXpZME9Gb1hEVE14TURreU5UQXlNelkwT0Zvd0ZURVRNQkVHQTFVRQpBeE1LYTNWaVpYSnVaWFJsY3pDQ0FTSXdEUVlKS29aSWh2Y05BUUVCQlFBRGdnRVBBRENDQVFvQ2dnRUJBTm1SCmxzU0VuUm5ZbkJUVDJBaWJSbXk0RG50azlGb0N6SUkxQSsyMk9kU1JybGxxOXNwZ0ZhYmRxOTJrZ0xXOS9vUDcKK05iYlAzSW9La0JFcVJ5UHFDUkpOQThOL25PSUN3SmYvYy8xdmowaUtJNGNzVDFyQm00ejhqU0gwbVc1bXg4RApnNHRPajVGZ2syUnptQ1FjQS9ZSk9CbzYxQVdjY0tXZXdUL1Q2SGdFSzRnMTRFTnZ2a3pKWjk4anUrbFF1UEY5CjcrbG40Y214OURxUzFlVnJwV0xYeEs4cWxUVDFsdlZMZUJFanE3Z1NnRGZUL2ZMR2pqcEFpZC9vWTVFaldaWkQKNmlZTzk3NWlNZ28vUnUzVXkrT1V1UGVkNVRPckZUQk5jc0s0MHVDNVRQalJHWk96TVZuWERRcmlCMHhRZVViMgoyNlNXSmtNRlRYSWNMT0RYcmo4Q0F3RUFBYU5DTUVBd0RnWURWUjBQQVFIL0JBUURBZ0trTUE4R0ExVWRFd0VCCi93UUZNQU1CQWY4d0hRWURWUjBPQkJZRUZBeWg5QXM1RFBabGhyMTZoZEVTSnM4bk8vekZNQTBHQ1NxR1NJYjMKRFFFQkN3VUFBNElCQVFCSEMzSWgwbGdkcm5kZWlPZEUzeVB6WkQwYWxTQmRqK2F3aHNQYUJVSmdiVHIvVjhKWgorZGg0UzJ3UU1SNStsMHhwRUNTaWpxV1RKMEdCSk5OKzdXUFZmZERrWWFNSElidmVSU2NIRmZVM3kzT2RxYXpwCkdwcW1UZnVKVVlVUEUrdmJHMFdXRS9VWncveStmUG5oVDFZVVFTaHJTZ2FyTU9pMDF4ZHA5SnM0UzRIVHJBRXAKZUFqL0RndW1tcjVvRTYvTFJYV05Gd3puSGtRd1I1OWRwNnlWalJpc2QzVy8zOWd0KzNtQ0JFRk9wQjY0VHV1bQpPZ2VmeFdaZXh6QnpNWGExLzZVYnpQZ0x1MHpIZzR0aGV2SFBZcDJVOVMxbmp6d055eEp1Mm9za0ZOcnFnRHJFCnJISkE1eGJVaDFsSlBleDBsQ3gySXNnSzN6YWVYUWVIM3MyUQotLS0tLUVORCBDRVJUSUZJQ0FURS0tLS0tCg=="
              }
            ],
            "created_at": "2021-09-27 02:30:16.336 +0000 UTC",
            "enabled_cluster_log_types": [],
            "encryption_config": [],
            "endpoint": "https://BC94BD61F93E7D9C87F9F0F0D634F60D.gr7.us-east-2.eks.amazonaws.com",
            "id": "education-eks-pDNTRu6C",
            "identity": [
              {
                "oidc": [
                  {
                    "issuer": "https://oidc.eks.us-east-2.amazonaws.com/id/BC94BD61F93E7D9C87F9F0F0D634F60D"
                  }
                ]
              }
            ],
            "kubernetes_network_config": [
              {
                "service_ipv4_cidr": "172.20.0.0/16"
              }
            ],
            "name": "education-eks-pDNTRu6C",
            "platform_version": "eks.2",
            "role_arn": "arn:aws:iam::945782535729:role/education-eks-pDNTRu6C20210927022955122400000002",
            "status": "ACTIVE",
            "tags": {
              "Environment": "training",
              "GithubOrg": "terraform-aws-modules",
              "GithubRepo": "terraform-aws-eks"
            },
            "tags_all": {
              "Environment": "training",
              "GithubOrg": "terraform-aws-modules",
              "GithubRepo": "terraform-aws-eks"
            },
            "timeouts": {
              "create": "30m",
              "delete": "15m",
              "update": "60m"
            },
            "version": "1.21",
            "vpc_config": [
              {
                "cluster_security_group_id": "sg-0c59e205e85b839cf",
                "endpoint_private_access": false,
                "endpoint_public_access": true,
                "public_access_cidrs": [
                  "0.0.0.0/0"
                ],
                "security_group_ids": [
                  "sg-0b4620c389b2e48fb"
                ],
                "subnet_ids": [
                  "subnet-0189fc2a4bd80a39a",
                  "subnet-04a830940e7e2a63c",
                  "subnet-07c339643cd37df3a"
                ],
                "vpc_id": "vpc-0a6d4da4b03925237"
              }
            ]
          },
          "sensitive_attributes": [],
          "private": "eyJlMmJmYjczMC1lY2FhLTExZTYtOGY4OC0zNDM2M2JjN2M0YzAiOnsiY3JlYXRlIjoxODAwMDAwMDAwMDAwLCJkZWxldGUiOjkwMDAwMDAwMDAwMCwidXBkYXRlIjozNjAwMDAwMDAwMDAwfX0=",
          "dependencies": [
            "module.eks.aws_cloudwatch_log_group.this",
            "module.eks.aws_iam_role.cluster",
            "module.eks.aws_iam_role_policy_attachment.cluster_AmazonEKSClusterPolicy",
            "module.eks.aws_iam_role_policy_attachment.cluster_AmazonEKSServicePolicy",
            "module.eks.aws_iam_role_policy_attachment.cluster_AmazonEKSVPCResourceControllerPolicy",
            "module.eks.aws_security_group.cluster",
            "module.eks.aws_security_group_rule.cluster_egress_internet",
            "module.eks.aws_security_group_rule.cluster_https_worker_ingress",
            "module.eks.data.aws_iam_role.custom_cluster_iam_role",
            "module.vpc.aws_subnet.private",
            "random_string.suffix"
          ],
          "create_before_destroy": true
        }
      ]
    },
    {
      "module": "module.eks",
      "mode": "managed",
      "type": "aws_iam_instance_profile",
      "name": "workers",
      "provider": "provider[\"registry.terraform.io/hashicorp/aws\"]",
      "instances": [
        {
          "index_key": 0,
          "schema_version": 0,
          "attributes": {
            "arn": "arn:aws:iam::945782535729:instance-profile/education-eks-pDNTRu6C2021092702410013340000000d",
            "create_date": "2021-09-27T02:41:00Z",
            "id": "education-eks-pDNTRu6C2021092702410013340000000d",
            "name": "education-eks-pDNTRu6C2021092702410013340000000d",
            "name_prefix": "education-eks-pDNTRu6C",
            "path": "/",
            "role": "education-eks-pDNTRu6C2021092702405939410000000c",
            "tags": {
              "Environment": "training",
              "GithubOrg": "terraform-aws-modules",
              "GithubRepo": "terraform-aws-eks"
            },
            "tags_all": {
              "Environment": "training",
              "GithubOrg": "terraform-aws-modules",
              "GithubRepo": "terraform-aws-eks"
            },
            "unique_id": "AIPA5YNIIGYY2JB5MIJT2"
          },
          "sensitive_attributes": [],
          "private": "bnVsbA==",
          "dependencies": [
            "aws_security_group.worker_group_mgmt_two",
            "module.eks.aws_iam_role.cluster",
            "module.eks.aws_iam_role_policy_attachment.cluster_AmazonEKSServicePolicy",
            "module.eks.aws_security_group.workers",
            "random_string.suffix",
            "module.eks.aws_cloudwatch_log_group.this",
            "module.eks.aws_security_group_rule.cluster_egress_internet",
            "module.eks.data.aws_iam_policy_document.cluster_assume_role_policy",
            "module.eks.data.aws_partition.current",
            "module.vpc.aws_subnet.private",
            "data.aws_availability_zones.available",
            "module.eks.aws_eks_cluster.this",
            "module.eks.aws_iam_role.workers",
            "module.eks.aws_iam_role_policy_attachment.cluster_AmazonEKSVPCResourceControllerPolicy",
            "module.eks.aws_security_group.cluster",
            "module.eks.data.aws_iam_policy_document.workers_assume_role_policy",
            "module.eks.data.aws_iam_role.custom_cluster_iam_role",
            "aws_security_group.worker_group_mgmt_one",
            "module.eks.aws_iam_role_policy_attachment.cluster_AmazonEKSClusterPolicy",
            "module.eks.aws_security_group_rule.cluster_https_worker_ingress",
            "module.vpc.aws_vpc.this",
            "module.vpc.aws_vpc_ipv4_cidr_block_association.this"
          ],
          "create_before_destroy": true
        },
        {
          "index_key": 1,
          "schema_version": 0,
          "attributes": {
            "arn": "arn:aws:iam::945782535729:instance-profile/education-eks-pDNTRu6C2021092702410013430000000e",
            "create_date": "2021-09-27T02:41:00Z",
            "id": "education-eks-pDNTRu6C2021092702410013430000000e",
            "name": "education-eks-pDNTRu6C2021092702410013430000000e",
            "name_prefix": "education-eks-pDNTRu6C",
            "path": "/",
            "role": "education-eks-pDNTRu6C2021092702405939410000000c",
            "tags": {
              "Environment": "training",
              "GithubOrg": "terraform-aws-modules",
              "GithubRepo": "terraform-aws-eks"
            },
            "tags_all": {
              "Environment": "training",
              "GithubOrg": "terraform-aws-modules",
              "GithubRepo": "terraform-aws-eks"
            },
            "unique_id": "AIPA5YNIIGYYRRLRQWFMW"
          },
          "sensitive_attributes": [],
          "private": "bnVsbA==",
          "dependencies": [
            "module.eks.data.aws_iam_policy_document.workers_assume_role_policy",
            "module.eks.data.aws_iam_role.custom_cluster_iam_role",
            "aws_security_group.worker_group_mgmt_two",
            "module.eks.aws_cloudwatch_log_group.this",
            "module.eks.aws_iam_role_policy_attachment.cluster_AmazonEKSClusterPolicy",
            "module.eks.aws_security_group.workers",
            "module.eks.data.aws_partition.current",
            "module.vpc.aws_subnet.private",
            "module.vpc.aws_vpc.this",
            "module.eks.aws_iam_role.cluster",
            "module.eks.aws_iam_role.workers",
            "module.eks.aws_iam_role_policy_attachment.cluster_AmazonEKSServicePolicy",
            "module.eks.aws_iam_role_policy_attachment.cluster_AmazonEKSVPCResourceControllerPolicy",
            "module.eks.aws_security_group_rule.cluster_egress_internet",
            "random_string.suffix",
            "aws_security_group.worker_group_mgmt_one",
            "data.aws_availability_zones.available",
            "module.eks.aws_eks_cluster.this",
            "module.eks.aws_security_group.cluster",
            "module.eks.aws_security_group_rule.cluster_https_worker_ingress",
            "module.eks.data.aws_iam_policy_document.cluster_assume_role_policy",
            "module.vpc.aws_vpc_ipv4_cidr_block_association.this"
          ],
          "create_before_destroy": true
        }
      ]
    },
    {
      "module": "module.eks",
      "mode": "managed",
      "type": "aws_iam_policy",
      "name": "cluster_elb_sl_role_creation",
      "provider": "provider[\"registry.terraform.io/hashicorp/aws\"]",
      "instances": [
        {
          "index_key": 0,
          "schema_version": 0,
          "attributes": {
            "arn": "arn:aws:iam::945782535729:policy/education-eks-pDNTRu6C-elb-sl-role-creation20210927022955121700000001",
            "description": "Permissions for EKS to create AWSServiceRoleForElasticLoadBalancing service-linked role",
            "id": "arn:aws:iam::945782535729:policy/education-eks-pDNTRu6C-elb-sl-role-creation20210927022955121700000001",
            "name": "education-eks-pDNTRu6C-elb-sl-role-creation20210927022955121700000001",
            "name_prefix": "education-eks-pDNTRu6C-elb-sl-role-creation",
            "path": "/",
            "policy": "{\n  \"Version\": \"2012-10-17\",\n  \"Statement\": [\n    {\n      \"Sid\": \"\",\n      \"Effect\": \"Allow\",\n      \"Action\": [\n        \"ec2:DescribeInternetGateways\",\n        \"ec2:DescribeAddresses\",\n        \"ec2:DescribeAccountAttributes\"\n      ],\n      \"Resource\": \"*\"\n    }\n  ]\n}",
            "policy_id": "ANPA5YNIIGYY6FUZU4E65",
            "tags": {
              "Environment": "training",
              "GithubOrg": "terraform-aws-modules",
              "GithubRepo": "terraform-aws-eks"
            },
            "tags_all": {
              "Environment": "training",
              "GithubOrg": "terraform-aws-modules",
              "GithubRepo": "terraform-aws-eks"
            }
          },
          "sensitive_attributes": [],
          "private": "bnVsbA==",
          "dependencies": [
            "module.eks.data.aws_iam_policy_document.cluster_elb_sl_role_creation",
            "random_string.suffix"
          ]
        }
      ]
    },
    {
      "module": "module.eks",
      "mode": "managed",
      "type": "aws_iam_role",
      "name": "cluster",
      "provider": "provider[\"registry.terraform.io/hashicorp/aws\"]",
      "instances": [
        {
          "index_key": 0,
          "schema_version": 0,
          "attributes": {
            "arn": "arn:aws:iam::945782535729:role/education-eks-pDNTRu6C20210927022955122400000002",
            "assume_role_policy": "{\"Version\":\"2012-10-17\",\"Statement\":[{\"Sid\":\"EKSClusterAssumeRole\",\"Effect\":\"Allow\",\"Principal\":{\"Service\":\"eks.amazonaws.com\"},\"Action\":\"sts:AssumeRole\"}]}",
            "create_date": "2021-09-27T02:29:56Z",
            "description": "",
            "force_detach_policies": true,
            "id": "education-eks-pDNTRu6C20210927022955122400000002",
            "inline_policy": [
              {
                "name": "",
                "policy": ""
              }
            ],
            "managed_policy_arns": [
              "arn:aws:iam::945782535729:policy/education-eks-pDNTRu6C-elb-sl-role-creation20210927022955121700000001",
              "arn:aws:iam::aws:policy/AmazonEKSClusterPolicy",
              "arn:aws:iam::aws:policy/AmazonEKSServicePolicy",
              "arn:aws:iam::aws:policy/AmazonEKSVPCResourceController"
            ],
            "max_session_duration": 3600,
            "name": "education-eks-pDNTRu6C20210927022955122400000002",
            "name_prefix": "education-eks-pDNTRu6C",
            "path": "/",
            "permissions_boundary": null,
            "tags": {
              "Environment": "training",
              "GithubOrg": "terraform-aws-modules",
              "GithubRepo": "terraform-aws-eks"
            },
            "tags_all": {
              "Environment": "training",
              "GithubOrg": "terraform-aws-modules",
              "GithubRepo": "terraform-aws-eks"
            },
            "unique_id": "AROA5YNIIGYYTSAHIXCV4"
          },
          "sensitive_attributes": [],
          "private": "bnVsbA==",
          "dependencies": [
            "module.eks.data.aws_iam_policy_document.cluster_assume_role_policy",
            "random_string.suffix"
          ],
          "create_before_destroy": true
        }
      ]
    },
    {
      "module": "module.eks",
      "mode": "managed",
      "type": "aws_iam_role",
      "name": "workers",
      "provider": "provider[\"registry.terraform.io/hashicorp/aws\"]",
      "instances": [
        {
          "index_key": 0,
          "schema_version": 0,
          "attributes": {
            "arn": "arn:aws:iam::945782535729:role/education-eks-pDNTRu6C2021092702405939410000000c",
            "assume_role_policy": "{\"Version\":\"2012-10-17\",\"Statement\":[{\"Sid\":\"EKSWorkerAssumeRole\",\"Effect\":\"Allow\",\"Principal\":{\"Service\":\"ec2.amazonaws.com\"},\"Action\":\"sts:AssumeRole\"}]}",
            "create_date": "2021-09-27T02:40:59Z",
            "description": "",
            "force_detach_policies": true,
            "id": "education-eks-pDNTRu6C2021092702405939410000000c",
            "inline_policy": [
              {
                "name": "",
                "policy": ""
              }
            ],
            "managed_policy_arns": [
              "arn:aws:iam::aws:policy/AmazonEC2ContainerRegistryReadOnly",
              "arn:aws:iam::aws:policy/AmazonEKSWorkerNodePolicy",
              "arn:aws:iam::aws:policy/AmazonEKS_CNI_Policy"
            ],
            "max_session_duration": 3600,
            "name": "education-eks-pDNTRu6C2021092702405939410000000c",
            "name_prefix": "education-eks-pDNTRu6C",
            "path": "/",
            "permissions_boundary": null,
            "tags": {
              "Environment": "training",
              "GithubOrg": "terraform-aws-modules",
              "GithubRepo": "terraform-aws-eks"
            },
            "tags_all": {
              "Environment": "training",
              "GithubOrg": "terraform-aws-modules",
              "GithubRepo": "terraform-aws-eks"
            },
            "unique_id": "AROA5YNIIGYYQKXTZITQJ"
          },
          "sensitive_attributes": [],
          "private": "bnVsbA==",
          "dependencies": [
            "module.eks.data.aws_partition.current",
            "module.vpc.aws_vpc.this",
            "module.eks.aws_cloudwatch_log_group.this",
            "module.eks.aws_eks_cluster.this",
            "module.eks.aws_security_group.cluster",
            "module.eks.aws_security_group.workers",
            "module.eks.aws_iam_role.cluster",
            "module.eks.aws_iam_role_policy_attachment.cluster_AmazonEKSServicePolicy",
            "module.eks.data.aws_iam_policy_document.cluster_assume_role_policy",
            "module.eks.data.aws_iam_role.custom_cluster_iam_role",
            "module.eks.aws_iam_role_policy_attachment.cluster_AmazonEKSClusterPolicy",
            "module.eks.aws_iam_role_policy_attachment.cluster_AmazonEKSVPCResourceControllerPolicy",
            "module.vpc.aws_vpc_ipv4_cidr_block_association.this",
            "random_string.suffix",
            "module.vpc.aws_subnet.private",
            "data.aws_availability_zones.available",
            "module.eks.aws_security_group_rule.cluster_egress_internet",
            "module.eks.aws_security_group_rule.cluster_https_worker_ingress",
            "module.eks.data.aws_iam_policy_document.workers_assume_role_policy"
          ],
          "create_before_destroy": true
        }
      ]
    },
    {
      "module": "module.eks",
      "mode": "managed",
      "type": "aws_iam_role_policy_attachment",
      "name": "cluster_AmazonEKSClusterPolicy",
      "provider": "provider[\"registry.terraform.io/hashicorp/aws\"]",
      "instances": [
        {
          "index_key": 0,
          "schema_version": 0,
          "attributes": {
            "id": "education-eks-pDNTRu6C20210927022955122400000002-20210927022957406100000003",
            "policy_arn": "arn:aws:iam::aws:policy/AmazonEKSClusterPolicy",
            "role": "education-eks-pDNTRu6C20210927022955122400000002"
          },
          "sensitive_attributes": [],
          "private": "bnVsbA==",
          "dependencies": [
            "module.eks.data.aws_partition.current",
            "random_string.suffix",
            "module.eks.aws_iam_role.cluster",
            "module.eks.data.aws_iam_policy_document.cluster_assume_role_policy"
          ],
          "create_before_destroy": true
        }
      ]
    },
    {
      "module": "module.eks",
      "mode": "managed",
      "type": "aws_iam_role_policy_attachment",
      "name": "cluster_AmazonEKSServicePolicy",
      "provider": "provider[\"registry.terraform.io/hashicorp/aws\"]",
      "instances": [
        {
          "index_key": 0,
          "schema_version": 0,
          "attributes": {
            "id": "education-eks-pDNTRu6C20210927022955122400000002-20210927022957418900000005",
            "policy_arn": "arn:aws:iam::aws:policy/AmazonEKSServicePolicy",
            "role": "education-eks-pDNTRu6C20210927022955122400000002"
          },
          "sensitive_attributes": [],
          "private": "bnVsbA==",
          "dependencies": [
            "module.eks.aws_iam_role.cluster",
            "module.eks.data.aws_iam_policy_document.cluster_assume_role_policy",
            "module.eks.data.aws_partition.current",
            "random_string.suffix"
          ],
          "create_before_destroy": true
        }
      ]
    },
    {
      "module": "module.eks",
      "mode": "managed",
      "type": "aws_iam_role_policy_attachment",
      "name": "cluster_AmazonEKSVPCResourceControllerPolicy",
      "provider": "provider[\"registry.terraform.io/hashicorp/aws\"]",
      "instances": [
        {
          "index_key": 0,
          "schema_version": 0,
          "attributes": {
            "id": "education-eks-pDNTRu6C20210927022955122400000002-20210927022957417900000004",
            "policy_arn": "arn:aws:iam::aws:policy/AmazonEKSVPCResourceController",
            "role": "education-eks-pDNTRu6C20210927022955122400000002"
          },
          "sensitive_attributes": [],
          "private": "bnVsbA==",
          "dependencies": [
            "module.eks.aws_iam_role.cluster",
            "module.eks.data.aws_iam_policy_document.cluster_assume_role_policy",
            "module.eks.data.aws_partition.current",
            "random_string.suffix"
          ],
          "create_before_destroy": true
        }
      ]
    },
    {
      "module": "module.eks",
      "mode": "managed",
      "type": "aws_iam_role_policy_attachment",
      "name": "cluster_elb_sl_role_creation",
      "provider": "provider[\"registry.terraform.io/hashicorp/aws\"]",
      "instances": [
        {
          "index_key": 0,
          "schema_version": 0,
          "attributes": {
            "id": "education-eks-pDNTRu6C20210927022955122400000002-20210927022957418900000006",
            "policy_arn": "arn:aws:iam::945782535729:policy/education-eks-pDNTRu6C-elb-sl-role-creation20210927022955121700000001",
            "role": "education-eks-pDNTRu6C20210927022955122400000002"
          },
          "sensitive_attributes": [],
          "private": "bnVsbA==",
          "dependencies": [
            "module.eks.data.aws_iam_policy_document.cluster_assume_role_policy",
            "module.eks.data.aws_iam_policy_document.cluster_elb_sl_role_creation",
            "random_string.suffix",
            "module.eks.aws_iam_policy.cluster_elb_sl_role_creation",
            "module.eks.aws_iam_role.cluster"
          ]
        }
      ]
    },
    {
      "module": "module.eks",
      "mode": "managed",
      "type": "aws_iam_role_policy_attachment",
      "name": "workers_AmazonEC2ContainerRegistryReadOnly",
      "provider": "provider[\"registry.terraform.io/hashicorp/aws\"]",
      "instances": [
        {
          "index_key": 0,
          "schema_version": 0,
          "attributes": {
            "id": "education-eks-pDNTRu6C2021092702405939410000000c-20210927024100289600000010",
            "policy_arn": "arn:aws:iam::aws:policy/AmazonEC2ContainerRegistryReadOnly",
            "role": "education-eks-pDNTRu6C2021092702405939410000000c"
          },
          "sensitive_attributes": [],
          "private": "bnVsbA==",
          "dependencies": [
            "data.aws_availability_zones.available",
            "module.eks.aws_iam_role.cluster",
            "module.eks.aws_iam_role.workers",
            "module.eks.aws_iam_role_policy_attachment.cluster_AmazonEKSClusterPolicy",
            "module.eks.aws_iam_role_policy_attachment.cluster_AmazonEKSVPCResourceControllerPolicy",
            "module.eks.aws_security_group.cluster",
            "module.vpc.aws_subnet.private",
            "module.eks.aws_cloudwatch_log_group.this",
            "module.eks.aws_security_group_rule.cluster_egress_internet",
            "module.eks.data.aws_iam_role.custom_cluster_iam_role",
            "random_string.suffix",
            "module.eks.aws_eks_cluster.this",
            "module.eks.aws_iam_role_policy_attachment.cluster_AmazonEKSServicePolicy",
            "module.eks.aws_security_group_rule.cluster_https_worker_ingress",
            "module.eks.data.aws_iam_policy_document.cluster_assume_role_policy",
            "module.eks.data.aws_iam_policy_document.workers_assume_role_policy",
            "module.vpc.aws_vpc.this",
            "module.eks.aws_security_group.workers",
            "module.eks.data.aws_partition.current",
            "module.vpc.aws_vpc_ipv4_cidr_block_association.this"
          ],
          "create_before_destroy": true
        }
      ]
    },
    {
      "module": "module.eks",
      "mode": "managed",
      "type": "aws_iam_role_policy_attachment",
      "name": "workers_AmazonEKSWorkerNodePolicy",
      "provider": "provider[\"registry.terraform.io/hashicorp/aws\"]",
      "instances": [
        {
          "index_key": 0,
          "schema_version": 0,
          "attributes": {
            "id": "education-eks-pDNTRu6C2021092702405939410000000c-2021092702410028960000000f",
            "policy_arn": "arn:aws:iam::aws:policy/AmazonEKSWorkerNodePolicy",
            "role": "education-eks-pDNTRu6C2021092702405939410000000c"
          },
          "sensitive_attributes": [],
          "private": "bnVsbA==",
          "dependencies": [
            "module.vpc.aws_vpc.this",
            "module.eks.aws_cloudwatch_log_group.this",
            "module.eks.aws_eks_cluster.this",
            "module.eks.aws_iam_role.cluster",
            "module.eks.aws_iam_role_policy_attachment.cluster_AmazonEKSClusterPolicy",
            "module.eks.aws_security_group_rule.cluster_https_worker_ingress",
            "module.eks.aws_iam_role_policy_attachment.cluster_AmazonEKSServicePolicy",
            "module.eks.aws_iam_role_policy_attachment.cluster_AmazonEKSVPCResourceControllerPolicy",
            "module.eks.aws_security_group.workers",
            "random_string.suffix",
            "module.eks.data.aws_partition.current",
            "module.vpc.aws_subnet.private",
            "data.aws_availability_zones.available",
            "module.eks.aws_iam_role.workers",
            "module.eks.aws_security_group_rule.cluster_egress_internet",
            "module.eks.data.aws_iam_policy_document.workers_assume_role_policy",
            "module.eks.data.aws_iam_role.custom_cluster_iam_role",
            "module.eks.aws_security_group.cluster",
            "module.eks.data.aws_iam_policy_document.cluster_assume_role_policy",
            "module.vpc.aws_vpc_ipv4_cidr_block_association.this"
          ],
          "create_before_destroy": true
        }
      ]
    },
    {
      "module": "module.eks",
      "mode": "managed",
      "type": "aws_iam_role_policy_attachment",
      "name": "workers_AmazonEKS_CNI_Policy",
      "provider": "provider[\"registry.terraform.io/hashicorp/aws\"]",
      "instances": [
        {
          "index_key": 0,
          "schema_version": 0,
          "attributes": {
            "id": "education-eks-pDNTRu6C2021092702405939410000000c-20210927024100293300000011",
            "policy_arn": "arn:aws:iam::aws:policy/AmazonEKS_CNI_Policy",
            "role": "education-eks-pDNTRu6C2021092702405939410000000c"
          },
          "sensitive_attributes": [],
          "private": "bnVsbA==",
          "dependencies": [
            "module.eks.data.aws_iam_role.custom_cluster_iam_role",
            "random_string.suffix",
            "data.aws_availability_zones.available",
            "module.eks.aws_cloudwatch_log_group.this",
            "module.eks.aws_iam_role.workers",
            "module.eks.aws_security_group_rule.cluster_egress_internet",
            "module.eks.data.aws_iam_policy_document.workers_assume_role_policy",
            "module.vpc.aws_vpc.this",
            "module.eks.aws_eks_cluster.this",
            "module.eks.aws_iam_role_policy_attachment.cluster_AmazonEKSServicePolicy",
            "module.eks.aws_security_group.cluster",
            "module.eks.aws_security_group.workers",
            "module.eks.data.aws_iam_policy_document.cluster_assume_role_policy",
            "module.eks.aws_iam_role.cluster",
            "module.eks.aws_iam_role_policy_attachment.cluster_AmazonEKSVPCResourceControllerPolicy",
            "module.eks.data.aws_partition.current",
            "module.vpc.aws_subnet.private",
            "module.vpc.aws_vpc_ipv4_cidr_block_association.this",
            "module.eks.aws_iam_role_policy_attachment.cluster_AmazonEKSClusterPolicy",
            "module.eks.aws_security_group_rule.cluster_https_worker_ingress"
          ],
          "create_before_destroy": true
        }
      ]
    },
    {
      "module": "module.eks",
      "mode": "managed",
      "type": "aws_launch_configuration",
      "name": "workers",
      "provider": "provider[\"registry.terraform.io/hashicorp/aws\"]",
      "instances": [
        {
          "index_key": 0,
          "schema_version": 0,
          "attributes": {
            "arn": "arn:aws:autoscaling:us-east-2:945782535729:launchConfiguration:414f41f8-8793-4773-b258-b2783165ba96:launchConfigurationName/education-eks-pDNTRu6C-worker-group-120210927034715010600000001",
            "associate_public_ip_address": false,
            "ebs_block_device": [],
            "ebs_optimized": false,
            "enable_monitoring": true,
            "ephemeral_block_device": [],
            "iam_instance_profile": "education-eks-pDNTRu6C2021092702410013340000000d",
            "id": "education-eks-pDNTRu6C-worker-group-120210927034715010600000001",
            "image_id": "ami-063b6ee58d3ad8fb2",
            "instance_type": "t2.small",
            "key_name": "",
            "metadata_options": [
              {
                "http_endpoint": "enabled",
                "http_put_response_hop_limit": 1,
                "http_tokens": "optional"
              }
            ],
            "name": "education-eks-pDNTRu6C-worker-group-120210927034715010600000001",
            "name_prefix": "education-eks-pDNTRu6C-worker-group-1",
            "placement_tenancy": "",
            "root_block_device": [
              {
                "delete_on_termination": true,
                "encrypted": false,
                "iops": 0,
                "throughput": 0,
                "volume_size": 100,
                "volume_type": "gp2"
              }
            ],
            "security_groups": [
              "sg-01796cfa270a56520",
              "sg-09890572c3e0ac8cb"
            ],
            "spot_price": "",
            "user_data": null,
            "user_data_base64": "IyEvYmluL2Jhc2ggLWUKCiMgQWxsb3cgdXNlciBzdXBwbGllZCBwcmUgdXNlcmRhdGEgY29kZQoKCiMgQm9vdHN0cmFwIGFuZCBqb2luIHRoZSBjbHVzdGVyCi9ldGMvZWtzL2Jvb3RzdHJhcC5zaCAtLWI2NC1jbHVzdGVyLWNhICdMUzB0TFMxQ1JVZEpUaUJEUlZKVVNVWkpRMEZVUlMwdExTMHRDazFKU1VNMWVrTkRRV01yWjBGM1NVSkJaMGxDUVVSQlRrSm5hM0ZvYTJsSE9YY3dRa0ZSYzBaQlJFRldUVkpOZDBWUldVUldVVkZFUlhkd2NtUlhTbXdLWTIwMWJHUkhWbnBOUWpSWVJGUkplRTFFYTNsT2VrRjVUWHBaTUU5R2IxaEVWRTE0VFVScmVVNVVRWGxOZWxrd1QwWnZkMFpVUlZSTlFrVkhRVEZWUlFwQmVFMUxZVE5XYVZwWVNuVmFXRkpzWTNwRFEwRlRTWGRFVVZsS1MyOWFTV2gyWTA1QlVVVkNRbEZCUkdkblJWQkJSRU5EUVZGdlEyZG5SVUpCVG0xU0NteHpVMFZ1VW01WmJrSlVWREpCYVdKU2JYazBSRzUwYXpsR2IwTjZTVWt4UVNzeU1rOWtVMUp5Ykd4eE9YTndaMFpoWW1SeE9USnJaMHhYT1M5dlVEY0tLMDVpWWxBelNXOUxhMEpGY1ZKNVVIRkRVa3BPUVRoT0wyNVBTVU4zU21Zdll5OHhkbW93YVV0Sk5HTnpWREZ5UW0wMGVqaHFVMGd3YlZjMWJYZzRSQXBuTkhSUGFqVkdaMnN5VW5wdFExRmpRUzlaU2s5Q2J6WXhRVmRqWTB0WFpYZFVMMVEyU0dkRlN6Um5NVFJGVG5aMmEzcEtXams0YW5VcmJGRjFVRVk1Q2pjcmJHNDBZMjE0T1VSeFV6RmxWbkp3VjB4WWVFczRjV3hVVkRGc2RsWk1aVUpGYW5FM1oxTm5SR1pVTDJaTVIycHFjRUZwWkM5dldUVkZhbGRhV2tRS05tbFpUemszTldsTloyOHZVblV6VlhrclQxVjFVR1ZrTlZSUGNrWlVRazVqYzBzME1IVkROVlJRYWxKSFdrOTZUVlp1V0VSUmNtbENNSGhSWlZWaU1nb3lObE5YU210TlJsUllTV05NVDBSWWNtbzRRMEYzUlVGQllVNURUVVZCZDBSbldVUldVakJRUVZGSUwwSkJVVVJCWjB0clRVRTRSMEV4VldSRmQwVkNDaTkzVVVaTlFVMUNRV1k0ZDBoUldVUldVakJQUWtKWlJVWkJlV2c1UVhNMVJGQmFiR2h5TVRab1pFVlRTbk00Yms4dmVrWk5RVEJIUTFOeFIxTkpZak1LUkZGRlFrTjNWVUZCTkVsQ1FWRkNTRU16U1dnd2JHZGtjbTVrWldsUFpFVXplVkI2V2tRd1lXeFRRbVJxSzJGM2FITlFZVUpWU21kaVZISXZWamhLV2dvclpHZzBVekozVVUxU05TdHNNSGh3UlVOVGFXcHhWMVJLTUVkQ1NrNU9LemRYVUZabVpFUnJXV0ZOU0VsaWRtVlNVMk5JUm1aVk0za3pUMlJ4WVhwd0NrZHdjVzFVWm5WS1ZWbFZVRVVyZG1KSE1GZFhSUzlWV25jdmVTdG1VRzVvVkRGWlZWRlRhSEpUWjJGeVRVOXBNREY0WkhBNVNuTTBVelJJVkhKQlJYQUtaVUZxTDBSbmRXMXRjalZ2UlRZdlRGSllWMDVHZDNwdVNHdFJkMUkxT1dSd05ubFdhbEpwYzJRelZ5OHpPV2QwS3pOdFEwSkZSazl3UWpZMFZIVjFiUXBQWjJWbWVGZGFaWGg2UW5wTldHRXhMelpWWW5wUVoweDFNSHBJWnpSMGFHVjJTRkJaY0RKVk9WTXhibXA2ZDA1NWVFcDFNbTl6YTBaT2NuRm5SSEpGQ25KSVNrRTFlR0pWYURGc1NsQmxlREJzUTNneVNYTm5Tek42WVdWWVVXVklNM015VVFvdExTMHRMVVZPUkNCRFJWSlVTVVpKUTBGVVJTMHRMUzB0Q2c9PScgLS1hcGlzZXJ2ZXItZW5kcG9pbnQgJ2h0dHBzOi8vQkM5NEJENjFGOTNFN0Q5Qzg3RjlGMEYwRDYzNEY2MEQuZ3I3LnVzLWVhc3QtMi5la3MuYW1hem9uYXdzLmNvbScgIC0ta3ViZWxldC1leHRyYS1hcmdzICIiICdlZHVjYXRpb24tZWtzLXBETlRSdTZDJwoKIyBBbGxvdyB1c2VyIHN1cHBsaWVkIHVzZXJkYXRhIGNvZGUKZWNobyBmb28gYmFyCg==",
            "vpc_classic_link_id": "",
            "vpc_classic_link_security_groups": null
          },
          "sensitive_attributes": [],
          "private": "bnVsbA==",
          "dependencies": [
            "aws_security_group.worker_group_mgmt_one",
            "aws_security_group.worker_group_mgmt_two",
            "module.eks.aws_cloudwatch_log_group.this",
            "module.eks.aws_eks_cluster.this",
            "module.eks.aws_iam_instance_profile.workers",
            "module.eks.aws_iam_role.cluster",
            "module.eks.aws_iam_role_policy_attachment.cluster_AmazonEKSClusterPolicy",
            "module.eks.aws_iam_role_policy_attachment.cluster_AmazonEKSServicePolicy",
            "module.eks.aws_iam_role_policy_attachment.cluster_AmazonEKSVPCResourceControllerPolicy",
            "module.eks.aws_iam_role_policy_attachment.workers_AmazonEC2ContainerRegistryReadOnly",
            "module.eks.aws_iam_role_policy_attachment.workers_AmazonEKSWorkerNodePolicy",
            "module.eks.aws_iam_role_policy_attachment.workers_AmazonEKS_CNI_Policy",
            "module.eks.aws_iam_role_policy_attachment.workers_additional_policies",
            "module.eks.aws_security_group.cluster",
            "module.eks.aws_security_group.workers",
            "module.eks.aws_security_group_rule.cluster_egress_internet",
            "module.eks.aws_security_group_rule.cluster_https_worker_ingress",
            "module.eks.aws_security_group_rule.cluster_primary_ingress_workers",
            "module.eks.aws_security_group_rule.workers_egress_internet",
            "module.eks.aws_security_group_rule.workers_ingress_cluster",
            "module.eks.aws_security_group_rule.workers_ingress_cluster_https",
            "module.eks.aws_security_group_rule.workers_ingress_cluster_kubelet",
            "module.eks.aws_security_group_rule.workers_ingress_cluster_primary",
            "module.eks.aws_security_group_rule.workers_ingress_self",
            "module.eks.data.aws_ami.eks_worker",
            "module.eks.data.aws_ami.eks_worker_windows",
            "module.eks.data.aws_iam_instance_profile.custom_worker_group_iam_instance_profile",
            "module.eks.data.aws_iam_role.custom_cluster_iam_role",
            "module.vpc.aws_subnet.private",
            "random_string.suffix"
          ],
          "create_before_destroy": true
        },
        {
          "index_key": 1,
          "schema_version": 0,
          "attributes": {
            "arn": "arn:aws:autoscaling:us-east-2:945782535729:launchConfiguration:4234fb61-b0a2-4e22-97c9-49fb3a36c127:launchConfigurationName/education-eks-pDNTRu6C-worker-group-220210927034715010600000002",
            "associate_public_ip_address": false,
            "ebs_block_device": [],
            "ebs_optimized": false,
            "enable_monitoring": true,
            "ephemeral_block_device": [],
            "iam_instance_profile": "education-eks-pDNTRu6C2021092702410013430000000e",
            "id": "education-eks-pDNTRu6C-worker-group-220210927034715010600000002",
            "image_id": "ami-063b6ee58d3ad8fb2",
            "instance_type": "t2.medium",
            "key_name": "",
            "metadata_options": [
              {
                "http_endpoint": "enabled",
                "http_put_response_hop_limit": 1,
                "http_tokens": "optional"
              }
            ],
            "name": "education-eks-pDNTRu6C-worker-group-220210927034715010600000002",
            "name_prefix": "education-eks-pDNTRu6C-worker-group-2",
            "placement_tenancy": "",
            "root_block_device": [
              {
                "delete_on_termination": true,
                "encrypted": false,
                "iops": 0,
                "throughput": 0,
                "volume_size": 100,
                "volume_type": "gp2"
              }
            ],
            "security_groups": [
              "sg-089653f76b4ce197c",
              "sg-09890572c3e0ac8cb"
            ],
            "spot_price": "",
            "user_data": null,
            "user_data_base64": "IyEvYmluL2Jhc2ggLWUKCiMgQWxsb3cgdXNlciBzdXBwbGllZCBwcmUgdXNlcmRhdGEgY29kZQoKCiMgQm9vdHN0cmFwIGFuZCBqb2luIHRoZSBjbHVzdGVyCi9ldGMvZWtzL2Jvb3RzdHJhcC5zaCAtLWI2NC1jbHVzdGVyLWNhICdMUzB0TFMxQ1JVZEpUaUJEUlZKVVNVWkpRMEZVUlMwdExTMHRDazFKU1VNMWVrTkRRV01yWjBGM1NVSkJaMGxDUVVSQlRrSm5hM0ZvYTJsSE9YY3dRa0ZSYzBaQlJFRldUVkpOZDBWUldVUldVVkZFUlhkd2NtUlhTbXdLWTIwMWJHUkhWbnBOUWpSWVJGUkplRTFFYTNsT2VrRjVUWHBaTUU5R2IxaEVWRTE0VFVScmVVNVVRWGxOZWxrd1QwWnZkMFpVUlZSTlFrVkhRVEZWUlFwQmVFMUxZVE5XYVZwWVNuVmFXRkpzWTNwRFEwRlRTWGRFVVZsS1MyOWFTV2gyWTA1QlVVVkNRbEZCUkdkblJWQkJSRU5EUVZGdlEyZG5SVUpCVG0xU0NteHpVMFZ1VW01WmJrSlVWREpCYVdKU2JYazBSRzUwYXpsR2IwTjZTVWt4UVNzeU1rOWtVMUp5Ykd4eE9YTndaMFpoWW1SeE9USnJaMHhYT1M5dlVEY0tLMDVpWWxBelNXOUxhMEpGY1ZKNVVIRkRVa3BPUVRoT0wyNVBTVU4zU21Zdll5OHhkbW93YVV0Sk5HTnpWREZ5UW0wMGVqaHFVMGd3YlZjMWJYZzRSQXBuTkhSUGFqVkdaMnN5VW5wdFExRmpRUzlaU2s5Q2J6WXhRVmRqWTB0WFpYZFVMMVEyU0dkRlN6Um5NVFJGVG5aMmEzcEtXams0YW5VcmJGRjFVRVk1Q2pjcmJHNDBZMjE0T1VSeFV6RmxWbkp3VjB4WWVFczRjV3hVVkRGc2RsWk1aVUpGYW5FM1oxTm5SR1pVTDJaTVIycHFjRUZwWkM5dldUVkZhbGRhV2tRS05tbFpUemszTldsTloyOHZVblV6VlhrclQxVjFVR1ZrTlZSUGNrWlVRazVqYzBzME1IVkROVlJRYWxKSFdrOTZUVlp1V0VSUmNtbENNSGhSWlZWaU1nb3lObE5YU210TlJsUllTV05NVDBSWWNtbzRRMEYzUlVGQllVNURUVVZCZDBSbldVUldVakJRUVZGSUwwSkJVVVJCWjB0clRVRTRSMEV4VldSRmQwVkNDaTkzVVVaTlFVMUNRV1k0ZDBoUldVUldVakJQUWtKWlJVWkJlV2c1UVhNMVJGQmFiR2h5TVRab1pFVlRTbk00Yms4dmVrWk5RVEJIUTFOeFIxTkpZak1LUkZGRlFrTjNWVUZCTkVsQ1FWRkNTRU16U1dnd2JHZGtjbTVrWldsUFpFVXplVkI2V2tRd1lXeFRRbVJxSzJGM2FITlFZVUpWU21kaVZISXZWamhLV2dvclpHZzBVekozVVUxU05TdHNNSGh3UlVOVGFXcHhWMVJLTUVkQ1NrNU9LemRYVUZabVpFUnJXV0ZOU0VsaWRtVlNVMk5JUm1aVk0za3pUMlJ4WVhwd0NrZHdjVzFVWm5WS1ZWbFZVRVVyZG1KSE1GZFhSUzlWV25jdmVTdG1VRzVvVkRGWlZWRlRhSEpUWjJGeVRVOXBNREY0WkhBNVNuTTBVelJJVkhKQlJYQUtaVUZxTDBSbmRXMXRjalZ2UlRZdlRGSllWMDVHZDNwdVNHdFJkMUkxT1dSd05ubFdhbEpwYzJRelZ5OHpPV2QwS3pOdFEwSkZSazl3UWpZMFZIVjFiUXBQWjJWbWVGZGFaWGg2UW5wTldHRXhMelpWWW5wUVoweDFNSHBJWnpSMGFHVjJTRkJaY0RKVk9WTXhibXA2ZDA1NWVFcDFNbTl6YTBaT2NuRm5SSEpGQ25KSVNrRTFlR0pWYURGc1NsQmxlREJzUTNneVNYTm5Tek42WVdWWVVXVklNM015VVFvdExTMHRMVVZPUkNCRFJWSlVTVVpKUTBGVVJTMHRMUzB0Q2c9PScgLS1hcGlzZXJ2ZXItZW5kcG9pbnQgJ2h0dHBzOi8vQkM5NEJENjFGOTNFN0Q5Qzg3RjlGMEYwRDYzNEY2MEQuZ3I3LnVzLWVhc3QtMi5la3MuYW1hem9uYXdzLmNvbScgIC0ta3ViZWxldC1leHRyYS1hcmdzICIiICdlZHVjYXRpb24tZWtzLXBETlRSdTZDJwoKIyBBbGxvdyB1c2VyIHN1cHBsaWVkIHVzZXJkYXRhIGNvZGUKZWNobyBmb28gYmFyCg==",
            "vpc_classic_link_id": "",
            "vpc_classic_link_security_groups": null
          },
          "sensitive_attributes": [],
          "private": "bnVsbA==",
          "dependencies": [
            "aws_security_group.worker_group_mgmt_one",
            "aws_security_group.worker_group_mgmt_two",
            "module.eks.aws_cloudwatch_log_group.this",
            "module.eks.aws_eks_cluster.this",
            "module.eks.aws_iam_instance_profile.workers",
            "module.eks.aws_iam_role.cluster",
            "module.eks.aws_iam_role_policy_attachment.cluster_AmazonEKSClusterPolicy",
            "module.eks.aws_iam_role_policy_attachment.cluster_AmazonEKSServicePolicy",
            "module.eks.aws_iam_role_policy_attachment.cluster_AmazonEKSVPCResourceControllerPolicy",
            "module.eks.aws_iam_role_policy_attachment.workers_AmazonEC2ContainerRegistryReadOnly",
            "module.eks.aws_iam_role_policy_attachment.workers_AmazonEKSWorkerNodePolicy",
            "module.eks.aws_iam_role_policy_attachment.workers_AmazonEKS_CNI_Policy",
            "module.eks.aws_iam_role_policy_attachment.workers_additional_policies",
            "module.eks.aws_security_group.cluster",
            "module.eks.aws_security_group.workers",
            "module.eks.aws_security_group_rule.cluster_egress_internet",
            "module.eks.aws_security_group_rule.cluster_https_worker_ingress",
            "module.eks.aws_security_group_rule.cluster_primary_ingress_workers",
            "module.eks.aws_security_group_rule.workers_egress_internet",
            "module.eks.aws_security_group_rule.workers_ingress_cluster",
            "module.eks.aws_security_group_rule.workers_ingress_cluster_https",
            "module.eks.aws_security_group_rule.workers_ingress_cluster_kubelet",
            "module.eks.aws_security_group_rule.workers_ingress_cluster_primary",
            "module.eks.aws_security_group_rule.workers_ingress_self",
            "module.eks.data.aws_ami.eks_worker",
            "module.eks.data.aws_ami.eks_worker_windows",
            "module.eks.data.aws_iam_instance_profile.custom_worker_group_iam_instance_profile",
            "module.eks.data.aws_iam_role.custom_cluster_iam_role",
            "module.vpc.aws_subnet.private",
            "random_string.suffix"
          ],
          "create_before_destroy": true
        }
      ]
    },
    {
      "module": "module.eks",
      "mode": "managed",
      "type": "aws_security_group",
      "name": "cluster",
      "provider": "provider[\"registry.terraform.io/hashicorp/aws\"]",
      "instances": [
        {
          "index_key": 0,
          "schema_version": 1,
          "attributes": {
            "arn": "arn:aws:ec2:us-east-2:945782535729:security-group/sg-0b4620c389b2e48fb",
            "description": "EKS cluster security group.",
            "egress": [
              {
                "cidr_blocks": [
                  "0.0.0.0/0"
                ],
                "description": "Allow cluster egress access to the Internet.",
                "from_port": 0,
                "ipv6_cidr_blocks": [],
                "prefix_list_ids": [],
                "protocol": "-1",
                "security_groups": [],
                "self": false,
                "to_port": 0
              }
            ],
            "id": "sg-0b4620c389b2e48fb",
            "ingress": [
              {
                "cidr_blocks": [],
                "description": "Allow pods to communicate with the EKS cluster API.",
                "from_port": 443,
                "ipv6_cidr_blocks": [],
                "prefix_list_ids": [],
                "protocol": "tcp",
                "security_groups": [
                  "sg-09890572c3e0ac8cb"
                ],
                "self": false,
                "to_port": 443
              }
            ],
            "name": "education-eks-pDNTRu6C2021092702301144970000000b",
            "name_prefix": "education-eks-pDNTRu6C",
            "owner_id": "945782535729",
            "revoke_rules_on_delete": false,
            "tags": {
              "Environment": "training",
              "GithubOrg": "terraform-aws-modules",
              "GithubRepo": "terraform-aws-eks",
              "Name": "education-eks-pDNTRu6C-eks_cluster_sg"
            },
            "tags_all": {
              "Environment": "training",
              "GithubOrg": "terraform-aws-modules",
              "GithubRepo": "terraform-aws-eks",
              "Name": "education-eks-pDNTRu6C-eks_cluster_sg"
            },
            "timeouts": null,
            "vpc_id": "vpc-0a6d4da4b03925237"
          },
          "sensitive_attributes": [],
          "private": "eyJlMmJmYjczMC1lY2FhLTExZTYtOGY4OC0zNDM2M2JjN2M0YzAiOnsiY3JlYXRlIjo2MDAwMDAwMDAwMDAsImRlbGV0ZSI6OTAwMDAwMDAwMDAwfSwic2NoZW1hX3ZlcnNpb24iOiIxIn0=",
          "dependencies": [
            "module.vpc.aws_vpc.this",
            "random_string.suffix"
          ],
          "create_before_destroy": true
        }
      ]
    },
    {
      "module": "module.eks",
      "mode": "managed",
      "type": "aws_security_group",
      "name": "workers",
      "provider": "provider[\"registry.terraform.io/hashicorp/aws\"]",
      "instances": [
        {
          "index_key": 0,
          "schema_version": 1,
          "attributes": {
            "arn": "arn:aws:ec2:us-east-2:945782535729:security-group/sg-09890572c3e0ac8cb",
            "description": "Security group for all nodes in the cluster.",
            "egress": [
              {
                "cidr_blocks": [
                  "0.0.0.0/0"
                ],
                "description": "Allow nodes all egress to the Internet.",
                "from_port": 0,
                "ipv6_cidr_blocks": [],
                "prefix_list_ids": [],
                "protocol": "-1",
                "security_groups": [],
                "self": false,
                "to_port": 0
              }
            ],
            "id": "sg-09890572c3e0ac8cb",
            "ingress": [
              {
                "cidr_blocks": [],
                "description": "Allow node to communicate with each other.",
                "from_port": 0,
                "ipv6_cidr_blocks": [],
                "prefix_list_ids": [],
                "protocol": "-1",
                "security_groups": [],
                "self": true,
                "to_port": 0
              },
              {
                "cidr_blocks": [],
                "description": "Allow pods running extension API servers on port 443 to receive communication from cluster control plane.",
                "from_port": 443,
                "ipv6_cidr_blocks": [],
                "prefix_list_ids": [],
                "protocol": "tcp",
                "security_groups": [
                  "sg-0b4620c389b2e48fb"
                ],
                "self": false,
                "to_port": 443
              },
              {
                "cidr_blocks": [],
                "description": "Allow workers pods to receive communication from the cluster control plane.",
                "from_port": 1025,
                "ipv6_cidr_blocks": [],
                "prefix_list_ids": [],
                "protocol": "tcp",
                "security_groups": [
                  "sg-0b4620c389b2e48fb"
                ],
                "self": false,
                "to_port": 65535
              }
            ],
            "name": "education-eks-pDNTRu6C2021092702301144960000000a",
            "name_prefix": "education-eks-pDNTRu6C",
            "owner_id": "945782535729",
            "revoke_rules_on_delete": false,
            "tags": {
              "Environment": "training",
              "GithubOrg": "terraform-aws-modules",
              "GithubRepo": "terraform-aws-eks",
              "Name": "education-eks-pDNTRu6C-eks_worker_sg",
              "kubernetes.io/cluster/education-eks-pDNTRu6C": "owned"
            },
            "tags_all": {
              "Environment": "training",
              "GithubOrg": "terraform-aws-modules",
              "GithubRepo": "terraform-aws-eks",
              "Name": "education-eks-pDNTRu6C-eks_worker_sg",
              "kubernetes.io/cluster/education-eks-pDNTRu6C": "owned"
            },
            "timeouts": null,
            "vpc_id": "vpc-0a6d4da4b03925237"
          },
          "sensitive_attributes": [],
          "private": "eyJlMmJmYjczMC1lY2FhLTExZTYtOGY4OC0zNDM2M2JjN2M0YzAiOnsiY3JlYXRlIjo2MDAwMDAwMDAwMDAsImRlbGV0ZSI6OTAwMDAwMDAwMDAwfSwic2NoZW1hX3ZlcnNpb24iOiIxIn0=",
          "dependencies": [
            "module.vpc.aws_vpc.this",
            "random_string.suffix"
          ],
          "create_before_destroy": true
        }
      ]
    },
    {
      "module": "module.eks",
      "mode": "managed",
      "type": "aws_security_group_rule",
      "name": "cluster_egress_internet",
      "provider": "provider[\"registry.terraform.io/hashicorp/aws\"]",
      "instances": [
        {
          "index_key": 0,
          "schema_version": 2,
          "attributes": {
            "cidr_blocks": [
              "0.0.0.0/0"
            ],
            "description": "Allow cluster egress access to the Internet.",
            "from_port": 0,
            "id": "sgrule-4224098176",
            "ipv6_cidr_blocks": [],
            "prefix_list_ids": [],
            "protocol": "-1",
            "security_group_id": "sg-0b4620c389b2e48fb",
            "self": false,
            "source_security_group_id": null,
            "to_port": 0,
            "type": "egress"
          },
          "sensitive_attributes": [],
          "private": "eyJzY2hlbWFfdmVyc2lvbiI6IjIifQ==",
          "dependencies": [
            "module.eks.aws_security_group.cluster",
            "module.vpc.aws_vpc.this",
            "random_string.suffix"
          ],
          "create_before_destroy": true
        }
      ]
    },
    {
      "module": "module.eks",
      "mode": "managed",
      "type": "aws_security_group_rule",
      "name": "cluster_https_worker_ingress",
      "provider": "provider[\"registry.terraform.io/hashicorp/aws\"]",
      "instances": [
        {
          "index_key": 0,
          "schema_version": 2,
          "attributes": {
            "cidr_blocks": [],
            "description": "Allow pods to communicate with the EKS cluster API.",
            "from_port": 443,
            "id": "sgrule-3823572820",
            "ipv6_cidr_blocks": [],
            "prefix_list_ids": [],
            "protocol": "tcp",
            "security_group_id": "sg-0b4620c389b2e48fb",
            "self": false,
            "source_security_group_id": "sg-09890572c3e0ac8cb",
            "to_port": 443,
            "type": "ingress"
          },
          "sensitive_attributes": [],
          "private": "eyJzY2hlbWFfdmVyc2lvbiI6IjIifQ==",
          "dependencies": [
            "module.eks.aws_security_group.workers",
            "module.vpc.aws_vpc.this",
            "random_string.suffix",
            "module.eks.aws_security_group.cluster"
          ],
          "create_before_destroy": true
        }
      ]
    },
    {
      "module": "module.eks",
      "mode": "managed",
      "type": "aws_security_group_rule",
      "name": "workers_egress_internet",
      "provider": "provider[\"registry.terraform.io/hashicorp/aws\"]",
      "instances": [
        {
          "index_key": 0,
          "schema_version": 2,
          "attributes": {
            "cidr_blocks": [
              "0.0.0.0/0"
            ],
            "description": "Allow nodes all egress to the Internet.",
            "from_port": 0,
            "id": "sgrule-1204127931",
            "ipv6_cidr_blocks": [],
            "prefix_list_ids": [],
            "protocol": "-1",
            "security_group_id": "sg-09890572c3e0ac8cb",
            "self": false,
            "source_security_group_id": null,
            "to_port": 0,
            "type": "egress"
          },
          "sensitive_attributes": [],
          "private": "eyJzY2hlbWFfdmVyc2lvbiI6IjIifQ==",
          "dependencies": [
            "module.eks.aws_security_group.workers",
            "module.vpc.aws_vpc.this",
            "random_string.suffix"
          ],
          "create_before_destroy": true
        }
      ]
    },
    {
      "module": "module.eks",
      "mode": "managed",
      "type": "aws_security_group_rule",
      "name": "workers_ingress_cluster",
      "provider": "provider[\"registry.terraform.io/hashicorp/aws\"]",
      "instances": [
        {
          "index_key": 0,
          "schema_version": 2,
          "attributes": {
            "cidr_blocks": [],
            "description": "Allow workers pods to receive communication from the cluster control plane.",
            "from_port": 1025,
            "id": "sgrule-2014256921",
            "ipv6_cidr_blocks": [],
            "prefix_list_ids": [],
            "protocol": "tcp",
            "security_group_id": "sg-09890572c3e0ac8cb",
            "self": false,
            "source_security_group_id": "sg-0b4620c389b2e48fb",
            "to_port": 65535,
            "type": "ingress"
          },
          "sensitive_attributes": [],
          "private": "eyJzY2hlbWFfdmVyc2lvbiI6IjIifQ==",
          "dependencies": [
            "module.eks.aws_security_group.cluster",
            "module.eks.aws_security_group.workers",
            "module.vpc.aws_vpc.this",
            "random_string.suffix"
          ],
          "create_before_destroy": true
        }
      ]
    },
    {
      "module": "module.eks",
      "mode": "managed",
      "type": "aws_security_group_rule",
      "name": "workers_ingress_cluster_https",
      "provider": "provider[\"registry.terraform.io/hashicorp/aws\"]",
      "instances": [
        {
          "index_key": 0,
          "schema_version": 2,
          "attributes": {
            "cidr_blocks": [],
            "description": "Allow pods running extension API servers on port 443 to receive communication from cluster control plane.",
            "from_port": 443,
            "id": "sgrule-878430907",
            "ipv6_cidr_blocks": [],
            "prefix_list_ids": [],
            "protocol": "tcp",
            "security_group_id": "sg-09890572c3e0ac8cb",
            "self": false,
            "source_security_group_id": "sg-0b4620c389b2e48fb",
            "to_port": 443,
            "type": "ingress"
          },
          "sensitive_attributes": [],
          "private": "eyJzY2hlbWFfdmVyc2lvbiI6IjIifQ==",
          "dependencies": [
            "module.vpc.aws_vpc.this",
            "random_string.suffix",
            "module.eks.aws_security_group.cluster",
            "module.eks.aws_security_group.workers"
          ],
          "create_before_destroy": true
        }
      ]
    },
    {
      "module": "module.eks",
      "mode": "managed",
      "type": "aws_security_group_rule",
      "name": "workers_ingress_self",
      "provider": "provider[\"registry.terraform.io/hashicorp/aws\"]",
      "instances": [
        {
          "index_key": 0,
          "schema_version": 2,
          "attributes": {
            "cidr_blocks": [],
            "description": "Allow node to communicate with each other.",
            "from_port": 0,
            "id": "sgrule-1783511307",
            "ipv6_cidr_blocks": [],
            "prefix_list_ids": [],
            "protocol": "-1",
            "security_group_id": "sg-09890572c3e0ac8cb",
            "self": false,
            "source_security_group_id": "sg-09890572c3e0ac8cb",
            "to_port": 0,
            "type": "ingress"
          },
          "sensitive_attributes": [],
          "private": "eyJzY2hlbWFfdmVyc2lvbiI6IjIifQ==",
          "dependencies": [
            "random_string.suffix",
            "module.eks.aws_security_group.workers",
            "module.vpc.aws_vpc.this"
          ],
          "create_before_destroy": true
        }
      ]
    },
    {
      "module": "module.eks",
      "mode": "managed",
      "type": "kubernetes_config_map",
      "name": "aws_auth",
      "provider": "provider[\"registry.terraform.io/hashicorp/kubernetes\"]",
      "instances": [
        {
          "index_key": 0,
          "schema_version": 0,
          "attributes": {
            "binary_data": {},
            "data": {
              "mapAccounts": "[]\n",
              "mapRoles": "- \"groups\":\n  - \"system:bootstrappers\"\n  - \"system:nodes\"\n  \"rolearn\": \"arn:aws:iam::945782535729:role/education-eks-pDNTRu6C2021092702405939410000000c\"\n  \"username\": \"system:node:{{EC2PrivateDNSName}}\"\n",
              "mapUsers": "[]\n"
            },
            "id": "kube-system/aws-auth",
            "metadata": [
              {
                "annotations": {},
                "generate_name": "",
                "generation": 0,
                "labels": {
                  "app.kubernetes.io/managed-by": "Terraform",
                  "terraform.io/module": "terraform-aws-modules.eks.aws"
                },
                "name": "aws-auth",
                "namespace": "kube-system",
                "resource_version": "629",
                "uid": "d57c8ba3-bfe9-45cb-be27-c1f8214d9cde"
              }
            ]
          },
          "sensitive_attributes": [],
          "private": "bnVsbA==",
          "dependencies": [
            "module.eks.aws_iam_role.cluster",
            "module.eks.aws_security_group_rule.cluster_egress_internet",
            "module.eks.data.aws_iam_policy_document.cluster_assume_role_policy",
            "module.eks.data.aws_partition.current",
            "module.eks.aws_iam_role_policy_attachment.cluster_AmazonEKSClusterPolicy",
            "module.eks.data.aws_iam_instance_profile.custom_worker_group_iam_instance_profile",
            "module.vpc.aws_subnet.private",
            "data.aws_eks_cluster_auth.cluster",
            "module.eks.data.aws_ami.eks_worker_windows",
            "module.eks.module.fargate.aws_iam_role.eks_fargate_pod",
            "module.vpc.aws_vpc_ipv4_cidr_block_association.this",
            "aws_security_group.worker_group_mgmt_two",
            "module.eks.aws_iam_role_policy_attachment.cluster_AmazonEKSVPCResourceControllerPolicy",
            "module.eks.data.aws_iam_instance_profile.custom_worker_group_launch_template_iam_instance_profile",
            "data.aws_eks_cluster.cluster",
            "module.eks.aws_iam_role.workers",
            "module.eks.aws_security_group.cluster",
            "module.eks.aws_security_group_rule.cluster_private_access_cidrs_source",
            "module.eks.data.aws_ami.eks_worker",
            "random_string.suffix",
            "data.aws_availability_zones.available",
            "module.eks.aws_eks_cluster.this",
            "module.eks.aws_security_group_rule.cluster_private_access_sg_source",
            "module.eks.data.aws_iam_policy_document.workers_assume_role_policy",
            "module.eks.module.fargate.data.aws_iam_policy_document.eks_fargate_pod_assume_role",
            "module.eks.module.fargate.data.aws_iam_role.custom_fargate_iam_role",
            "module.vpc.aws_vpc.this",
            "module.eks.aws_iam_instance_profile.workers_launch_template",
            "module.eks.aws_iam_role_policy_attachment.cluster_AmazonEKSServicePolicy",
            "module.eks.data.aws_iam_role.custom_cluster_iam_role",
            "aws_security_group.worker_group_mgmt_one",
            "module.eks.aws_cloudwatch_log_group.this",
            "module.eks.aws_iam_instance_profile.workers",
            "module.eks.aws_security_group.workers",
            "module.eks.aws_security_group_rule.cluster_https_worker_ingress",
            "module.eks.data.aws_caller_identity.current",
            "module.eks.data.http.wait_for_cluster"
          ],
          "create_before_destroy": true
        }
      ]
    },
    {
      "module": "module.eks",
      "mode": "managed",
      "type": "local_file",
      "name": "kubeconfig",
      "provider": "provider[\"registry.terraform.io/hashicorp/local\"]",
      "instances": [
        {
          "index_key": 0,
          "schema_version": 0,
          "attributes": {
            "content": "apiVersion: v1\npreferences: {}\nkind: Config\n\nclusters:\n- cluster:\n    server: https://BC94BD61F93E7D9C87F9F0F0D634F60D.gr7.us-east-2.eks.amazonaws.com\n    certificate-authority-data: LS0tLS1CRUdJTiBDRVJUSUZJQ0FURS0tLS0tCk1JSUM1ekNDQWMrZ0F3SUJBZ0lCQURBTkJna3Foa2lHOXcwQkFRc0ZBREFWTVJNd0VRWURWUVFERXdwcmRXSmwKY201bGRHVnpNQjRYRFRJeE1Ea3lOekF5TXpZME9Gb1hEVE14TURreU5UQXlNelkwT0Zvd0ZURVRNQkVHQTFVRQpBeE1LYTNWaVpYSnVaWFJsY3pDQ0FTSXdEUVlKS29aSWh2Y05BUUVCQlFBRGdnRVBBRENDQVFvQ2dnRUJBTm1SCmxzU0VuUm5ZbkJUVDJBaWJSbXk0RG50azlGb0N6SUkxQSsyMk9kU1JybGxxOXNwZ0ZhYmRxOTJrZ0xXOS9vUDcKK05iYlAzSW9La0JFcVJ5UHFDUkpOQThOL25PSUN3SmYvYy8xdmowaUtJNGNzVDFyQm00ejhqU0gwbVc1bXg4RApnNHRPajVGZ2syUnptQ1FjQS9ZSk9CbzYxQVdjY0tXZXdUL1Q2SGdFSzRnMTRFTnZ2a3pKWjk4anUrbFF1UEY5CjcrbG40Y214OURxUzFlVnJwV0xYeEs4cWxUVDFsdlZMZUJFanE3Z1NnRGZUL2ZMR2pqcEFpZC9vWTVFaldaWkQKNmlZTzk3NWlNZ28vUnUzVXkrT1V1UGVkNVRPckZUQk5jc0s0MHVDNVRQalJHWk96TVZuWERRcmlCMHhRZVViMgoyNlNXSmtNRlRYSWNMT0RYcmo4Q0F3RUFBYU5DTUVBd0RnWURWUjBQQVFIL0JBUURBZ0trTUE4R0ExVWRFd0VCCi93UUZNQU1CQWY4d0hRWURWUjBPQkJZRUZBeWg5QXM1RFBabGhyMTZoZEVTSnM4bk8vekZNQTBHQ1NxR1NJYjMKRFFFQkN3VUFBNElCQVFCSEMzSWgwbGdkcm5kZWlPZEUzeVB6WkQwYWxTQmRqK2F3aHNQYUJVSmdiVHIvVjhKWgorZGg0UzJ3UU1SNStsMHhwRUNTaWpxV1RKMEdCSk5OKzdXUFZmZERrWWFNSElidmVSU2NIRmZVM3kzT2RxYXpwCkdwcW1UZnVKVVlVUEUrdmJHMFdXRS9VWncveStmUG5oVDFZVVFTaHJTZ2FyTU9pMDF4ZHA5SnM0UzRIVHJBRXAKZUFqL0RndW1tcjVvRTYvTFJYV05Gd3puSGtRd1I1OWRwNnlWalJpc2QzVy8zOWd0KzNtQ0JFRk9wQjY0VHV1bQpPZ2VmeFdaZXh6QnpNWGExLzZVYnpQZ0x1MHpIZzR0aGV2SFBZcDJVOVMxbmp6d055eEp1Mm9za0ZOcnFnRHJFCnJISkE1eGJVaDFsSlBleDBsQ3gySXNnSzN6YWVYUWVIM3MyUQotLS0tLUVORCBDRVJUSUZJQ0FURS0tLS0tCg==\n  name: eks_education-eks-pDNTRu6C\n\ncontexts:\n- context:\n    cluster: eks_education-eks-pDNTRu6C\n    user: eks_education-eks-pDNTRu6C\n  name: eks_education-eks-pDNTRu6C\n\ncurrent-context: eks_education-eks-pDNTRu6C\n\nusers:\n- name: eks_education-eks-pDNTRu6C\n  user:\n    exec:\n      apiVersion: client.authentication.k8s.io/v1alpha1\n      command: aws-iam-authenticator\n      args:\n        - \"token\"\n        - \"-i\"\n        - \"education-eks-pDNTRu6C\"\n",
            "content_base64": null,
            "directory_permission": "0755",
            "file_permission": "0600",
            "filename": "./kubeconfig_education-eks-pDNTRu6C",
            "id": "bb145815ab5577d30ebb8d0d91221df49b07d857",
            "sensitive_content": null,
            "source": null
          },
          "sensitive_attributes": [],
          "private": "bnVsbA==",
          "dependencies": [
            "module.eks.aws_security_group.cluster",
            "module.eks.aws_security_group_rule.cluster_egress_internet",
            "module.eks.data.aws_iam_policy_document.cluster_assume_role_policy",
            "module.eks.data.aws_partition.current",
            "module.vpc.aws_vpc.this",
            "module.eks.aws_iam_role_policy_attachment.cluster_AmazonEKSVPCResourceControllerPolicy",
            "module.eks.aws_eks_cluster.this",
            "module.eks.aws_iam_role_policy_attachment.cluster_AmazonEKSServicePolicy",
            "module.eks.aws_security_group.workers",
            "module.eks.data.aws_iam_role.custom_cluster_iam_role",
            "module.vpc.aws_subnet.private",
            "module.vpc.aws_vpc_ipv4_cidr_block_association.this",
            "random_string.suffix",
            "data.aws_availability_zones.available",
            "module.eks.aws_cloudwatch_log_group.this",
            "module.eks.aws_iam_role.cluster",
            "module.eks.aws_iam_role_policy_attachment.cluster_AmazonEKSClusterPolicy",
            "module.eks.aws_security_group_rule.cluster_https_worker_ingress"
          ]
        }
      ]
    },
    {
      "module": "module.eks.module.fargate",
      "mode": "data",
      "type": "aws_partition",
      "name": "current",
      "provider": "provider[\"registry.terraform.io/hashicorp/aws\"]",
      "instances": [
        {
          "schema_version": 0,
          "attributes": {
            "dns_suffix": "amazonaws.com",
            "id": "aws",
            "partition": "aws",
            "reverse_dns_prefix": "com.amazonaws"
          },
          "sensitive_attributes": []
        }
      ]
    },
    {
      "module": "module.vpc",
      "mode": "managed",
      "type": "aws_eip",
      "name": "nat",
      "provider": "provider[\"registry.terraform.io/hashicorp/aws\"]",
      "instances": [
        {
          "index_key": 0,
          "schema_version": 0,
          "attributes": {
            "address": null,
            "allocation_id": null,
            "associate_with_private_ip": null,
            "association_id": "eipassoc-00942725b3426c38b",
            "carrier_ip": "",
            "customer_owned_ip": "",
            "customer_owned_ipv4_pool": "",
            "domain": "vpc",
            "id": "eipalloc-0d67411e94dc53975",
            "instance": "",
            "network_border_group": "us-east-2",
            "network_interface": "eni-05e08cecb965edbd6",
            "private_dns": "ip-10-0-4-33.us-east-2.compute.internal",
            "private_ip": "10.0.4.33",
            "public_dns": "ec2-3-143-107-233.us-east-2.compute.amazonaws.com",
            "public_ip": "3.143.107.233",
            "public_ipv4_pool": "amazon",
            "tags": {
              "Name": "education-vpc-us-east-2a",
              "kubernetes.io/cluster/education-eks-pDNTRu6C": "shared"
            },
            "tags_all": {
              "Name": "education-vpc-us-east-2a",
              "kubernetes.io/cluster/education-eks-pDNTRu6C": "shared"
            },
            "timeouts": null,
            "vpc": true
          },
          "sensitive_attributes": [],
          "private": "eyJlMmJmYjczMC1lY2FhLTExZTYtOGY4OC0zNDM2M2JjN2M0YzAiOnsiZGVsZXRlIjoxODAwMDAwMDAwMDAsInJlYWQiOjkwMDAwMDAwMDAwMCwidXBkYXRlIjozMDAwMDAwMDAwMDB9fQ==",
          "dependencies": [
            "random_string.suffix",
            "data.aws_availability_zones.available"
          ]
        }
      ]
    },
    {
      "module": "module.vpc",
      "mode": "managed",
      "type": "aws_internet_gateway",
      "name": "this",
      "provider": "provider[\"registry.terraform.io/hashicorp/aws\"]",
      "instances": [
        {
          "index_key": 0,
          "schema_version": 0,
          "attributes": {
            "arn": "arn:aws:ec2:us-east-2:945782535729:internet-gateway/igw-09beda4753479da8e",
            "id": "igw-09beda4753479da8e",
            "owner_id": "945782535729",
            "tags": {
              "Name": "education-vpc",
              "kubernetes.io/cluster/education-eks-pDNTRu6C": "shared"
            },
            "tags_all": {
              "Name": "education-vpc",
              "kubernetes.io/cluster/education-eks-pDNTRu6C": "shared"
            },
            "vpc_id": "vpc-0a6d4da4b03925237"
          },
          "sensitive_attributes": [],
          "private": "bnVsbA==",
          "dependencies": [
            "module.vpc.aws_vpc.this",
            "module.vpc.aws_vpc_ipv4_cidr_block_association.this",
            "random_string.suffix"
          ]
        }
      ]
    },
    {
      "module": "module.vpc",
      "mode": "managed",
      "type": "aws_nat_gateway",
      "name": "this",
      "provider": "provider[\"registry.terraform.io/hashicorp/aws\"]",
      "instances": [
        {
          "index_key": 0,
          "schema_version": 0,
          "attributes": {
            "allocation_id": "eipalloc-0d67411e94dc53975",
            "connectivity_type": "public",
            "id": "nat-04e90cb96ca8017d5",
            "network_interface_id": "eni-05e08cecb965edbd6",
            "private_ip": "10.0.4.33",
            "public_ip": "3.143.107.233",
            "subnet_id": "subnet-0230fd39fee4f90f0",
            "tags": {
              "Name": "education-vpc-us-east-2a",
              "kubernetes.io/cluster/education-eks-pDNTRu6C": "shared"
            },
            "tags_all": {
              "Name": "education-vpc-us-east-2a",
              "kubernetes.io/cluster/education-eks-pDNTRu6C": "shared"
            }
          },
          "sensitive_attributes": [],
          "private": "bnVsbA==",
          "dependencies": [
            "data.aws_availability_zones.available",
            "module.vpc.aws_eip.nat",
            "module.vpc.aws_internet_gateway.this",
            "module.vpc.aws_subnet.public",
            "module.vpc.aws_vpc.this",
            "module.vpc.aws_vpc_ipv4_cidr_block_association.this",
            "random_string.suffix"
          ]
        }
      ]
    },
    {
      "module": "module.vpc",
      "mode": "managed",
      "type": "aws_route",
      "name": "private_nat_gateway",
      "provider": "provider[\"registry.terraform.io/hashicorp/aws\"]",
      "instances": [
        {
          "index_key": 0,
          "schema_version": 0,
          "attributes": {
            "carrier_gateway_id": "",
            "destination_cidr_block": "0.0.0.0/0",
            "destination_ipv6_cidr_block": "",
            "destination_prefix_list_id": "",
            "egress_only_gateway_id": "",
            "gateway_id": "",
            "id": "r-rtb-041d01495c64768aa1080289494",
            "instance_id": "",
            "instance_owner_id": "",
            "local_gateway_id": "",
            "nat_gateway_id": "nat-04e90cb96ca8017d5",
            "network_interface_id": "",
            "origin": "CreateRoute",
            "route_table_id": "rtb-041d01495c64768aa",
            "state": "active",
            "timeouts": {
              "create": "5m",
              "delete": null
            },
            "transit_gateway_id": "",
            "vpc_endpoint_id": "",
            "vpc_peering_connection_id": ""
          },
          "sensitive_attributes": [],
          "private": "eyJlMmJmYjczMC1lY2FhLTExZTYtOGY4OC0zNDM2M2JjN2M0YzAiOnsiY3JlYXRlIjozMDAwMDAwMDAwMDAsImRlbGV0ZSI6MzAwMDAwMDAwMDAwfX0=",
          "dependencies": [
            "module.vpc.aws_vpc.this",
            "random_string.suffix",
            "data.aws_availability_zones.available",
            "module.vpc.aws_subnet.public",
            "module.vpc.aws_nat_gateway.this",
            "module.vpc.aws_route_table.private",
            "module.vpc.aws_vpc_ipv4_cidr_block_association.this",
            "module.vpc.aws_eip.nat",
            "module.vpc.aws_internet_gateway.this"
          ]
        }
      ]
    },
    {
      "module": "module.vpc",
      "mode": "managed",
      "type": "aws_route",
      "name": "public_internet_gateway",
      "provider": "provider[\"registry.terraform.io/hashicorp/aws\"]",
      "instances": [
        {
          "index_key": 0,
          "schema_version": 0,
          "attributes": {
            "carrier_gateway_id": "",
            "destination_cidr_block": "0.0.0.0/0",
            "destination_ipv6_cidr_block": "",
            "destination_prefix_list_id": "",
            "egress_only_gateway_id": "",
            "gateway_id": "igw-09beda4753479da8e",
            "id": "r-rtb-0db7b029d9945dbbb1080289494",
            "instance_id": "",
            "instance_owner_id": "",
            "local_gateway_id": "",
            "nat_gateway_id": "",
            "network_interface_id": "",
            "origin": "CreateRoute",
            "route_table_id": "rtb-0db7b029d9945dbbb",
            "state": "active",
            "timeouts": {
              "create": "5m",
              "delete": null
            },
            "transit_gateway_id": "",
            "vpc_endpoint_id": "",
            "vpc_peering_connection_id": ""
          },
          "sensitive_attributes": [],
          "private": "eyJlMmJmYjczMC1lY2FhLTExZTYtOGY4OC0zNDM2M2JjN2M0YzAiOnsiY3JlYXRlIjozMDAwMDAwMDAwMDAsImRlbGV0ZSI6MzAwMDAwMDAwMDAwfX0=",
          "dependencies": [
            "module.vpc.aws_internet_gateway.this",
            "module.vpc.aws_route_table.public",
            "module.vpc.aws_vpc.this",
            "module.vpc.aws_vpc_ipv4_cidr_block_association.this",
            "random_string.suffix"
          ]
        }
      ]
    },
    {
      "module": "module.vpc",
      "mode": "managed",
      "type": "aws_route_table",
      "name": "private",
      "provider": "provider[\"registry.terraform.io/hashicorp/aws\"]",
      "instances": [
        {
          "index_key": 0,
          "schema_version": 0,
          "attributes": {
            "arn": "arn:aws:ec2:us-east-2:945782535729:route-table/rtb-041d01495c64768aa",
            "id": "rtb-041d01495c64768aa",
            "owner_id": "945782535729",
            "propagating_vgws": [],
            "route": [
              {
                "carrier_gateway_id": "",
                "cidr_block": "0.0.0.0/0",
                "destination_prefix_list_id": "",
                "egress_only_gateway_id": "",
                "gateway_id": "",
                "instance_id": "",
                "ipv6_cidr_block": "",
                "local_gateway_id": "",
                "nat_gateway_id": "nat-04e90cb96ca8017d5",
                "network_interface_id": "",
                "transit_gateway_id": "",
                "vpc_endpoint_id": "",
                "vpc_peering_connection_id": ""
              }
            ],
            "tags": {
              "Name": "education-vpc-private",
              "kubernetes.io/cluster/education-eks-pDNTRu6C": "shared"
            },
            "tags_all": {
              "Name": "education-vpc-private",
              "kubernetes.io/cluster/education-eks-pDNTRu6C": "shared"
            },
            "vpc_id": "vpc-0a6d4da4b03925237"
          },
          "sensitive_attributes": [],
          "private": "bnVsbA==",
          "dependencies": [
            "data.aws_availability_zones.available",
            "module.vpc.aws_vpc.this",
            "module.vpc.aws_vpc_ipv4_cidr_block_association.this",
            "random_string.suffix"
          ]
        }
      ]
    },
    {
      "module": "module.vpc",
      "mode": "managed",
      "type": "aws_route_table",
      "name": "public",
      "provider": "provider[\"registry.terraform.io/hashicorp/aws\"]",
      "instances": [
        {
          "index_key": 0,
          "schema_version": 0,
          "attributes": {
            "arn": "arn:aws:ec2:us-east-2:945782535729:route-table/rtb-0db7b029d9945dbbb",
            "id": "rtb-0db7b029d9945dbbb",
            "owner_id": "945782535729",
            "propagating_vgws": [],
            "route": [
              {
                "carrier_gateway_id": "",
                "cidr_block": "0.0.0.0/0",
                "destination_prefix_list_id": "",
                "egress_only_gateway_id": "",
                "gateway_id": "igw-09beda4753479da8e",
                "instance_id": "",
                "ipv6_cidr_block": "",
                "local_gateway_id": "",
                "nat_gateway_id": "",
                "network_interface_id": "",
                "transit_gateway_id": "",
                "vpc_endpoint_id": "",
                "vpc_peering_connection_id": ""
              }
            ],
            "tags": {
              "Name": "education-vpc-public",
              "kubernetes.io/cluster/education-eks-pDNTRu6C": "shared"
            },
            "tags_all": {
              "Name": "education-vpc-public",
              "kubernetes.io/cluster/education-eks-pDNTRu6C": "shared"
            },
            "vpc_id": "vpc-0a6d4da4b03925237"
          },
          "sensitive_attributes": [],
          "private": "bnVsbA==",
          "dependencies": [
            "module.vpc.aws_vpc.this",
            "module.vpc.aws_vpc_ipv4_cidr_block_association.this",
            "random_string.suffix"
          ]
        }
      ]
    },
    {
      "module": "module.vpc",
      "mode": "managed",
      "type": "aws_route_table_association",
      "name": "private",
      "provider": "provider[\"registry.terraform.io/hashicorp/aws\"]",
      "instances": [
        {
          "index_key": 0,
          "schema_version": 0,
          "attributes": {
            "gateway_id": "",
            "id": "rtbassoc-04006a41b709e3a9b",
            "route_table_id": "rtb-041d01495c64768aa",
            "subnet_id": "subnet-07c339643cd37df3a"
          },
          "sensitive_attributes": [],
          "private": "bnVsbA==",
          "dependencies": [
            "module.vpc.aws_vpc.this",
            "module.vpc.aws_vpc_ipv4_cidr_block_association.this",
            "random_string.suffix",
            "data.aws_availability_zones.available",
            "module.vpc.aws_route_table.private",
            "module.vpc.aws_subnet.private"
          ]
        },
        {
          "index_key": 1,
          "schema_version": 0,
          "attributes": {
            "gateway_id": "",
            "id": "rtbassoc-046d9cd1c5c06f854",
            "route_table_id": "rtb-041d01495c64768aa",
            "subnet_id": "subnet-04a830940e7e2a63c"
          },
          "sensitive_attributes": [],
          "private": "bnVsbA==",
          "dependencies": [
            "module.vpc.aws_subnet.private",
            "module.vpc.aws_vpc.this",
            "module.vpc.aws_vpc_ipv4_cidr_block_association.this",
            "random_string.suffix",
            "data.aws_availability_zones.available",
            "module.vpc.aws_route_table.private"
          ]
        },
        {
          "index_key": 2,
          "schema_version": 0,
          "attributes": {
            "gateway_id": "",
            "id": "rtbassoc-0163aa6620ff6eeb4",
            "route_table_id": "rtb-041d01495c64768aa",
            "subnet_id": "subnet-0189fc2a4bd80a39a"
          },
          "sensitive_attributes": [],
          "private": "bnVsbA==",
          "dependencies": [
            "module.vpc.aws_subnet.private",
            "module.vpc.aws_vpc.this",
            "module.vpc.aws_vpc_ipv4_cidr_block_association.this",
            "random_string.suffix",
            "data.aws_availability_zones.available",
            "module.vpc.aws_route_table.private"
          ]
        }
      ]
    },
    {
      "module": "module.vpc",
      "mode": "managed",
      "type": "aws_route_table_association",
      "name": "public",
      "provider": "provider[\"registry.terraform.io/hashicorp/aws\"]",
      "instances": [
        {
          "index_key": 0,
          "schema_version": 0,
          "attributes": {
            "gateway_id": "",
            "id": "rtbassoc-042b3910bdc40fa9e",
            "route_table_id": "rtb-0db7b029d9945dbbb",
            "subnet_id": "subnet-0230fd39fee4f90f0"
          },
          "sensitive_attributes": [],
          "private": "bnVsbA==",
          "dependencies": [
            "module.vpc.aws_vpc.this",
            "module.vpc.aws_vpc_ipv4_cidr_block_association.this",
            "random_string.suffix",
            "data.aws_availability_zones.available",
            "module.vpc.aws_route_table.public",
            "module.vpc.aws_subnet.public"
          ]
        },
        {
          "index_key": 1,
          "schema_version": 0,
          "attributes": {
            "gateway_id": "",
            "id": "rtbassoc-0798c8bbdf9cfc2a0",
            "route_table_id": "rtb-0db7b029d9945dbbb",
            "subnet_id": "subnet-0de3d4e73cc510038"
          },
          "sensitive_attributes": [],
          "private": "bnVsbA==",
          "dependencies": [
            "module.vpc.aws_vpc_ipv4_cidr_block_association.this",
            "random_string.suffix",
            "data.aws_availability_zones.available",
            "module.vpc.aws_route_table.public",
            "module.vpc.aws_subnet.public",
            "module.vpc.aws_vpc.this"
          ]
        },
        {
          "index_key": 2,
          "schema_version": 0,
          "attributes": {
            "gateway_id": "",
            "id": "rtbassoc-00d34795fa626159a",
            "route_table_id": "rtb-0db7b029d9945dbbb",
            "subnet_id": "subnet-0b360d39b0039d0c9"
          },
          "sensitive_attributes": [],
          "private": "bnVsbA==",
          "dependencies": [
            "module.vpc.aws_vpc_ipv4_cidr_block_association.this",
            "random_string.suffix",
            "data.aws_availability_zones.available",
            "module.vpc.aws_route_table.public",
            "module.vpc.aws_subnet.public",
            "module.vpc.aws_vpc.this"
          ]
        }
      ]
    },
    {
      "module": "module.vpc",
      "mode": "managed",
      "type": "aws_subnet",
      "name": "private",
      "provider": "provider[\"registry.terraform.io/hashicorp/aws\"]",
      "instances": [
        {
          "index_key": 0,
          "schema_version": 1,
          "attributes": {
            "arn": "arn:aws:ec2:us-east-2:945782535729:subnet/subnet-07c339643cd37df3a",
            "assign_ipv6_address_on_creation": false,
            "availability_zone": "us-east-2a",
            "availability_zone_id": "use2-az1",
            "cidr_block": "10.0.1.0/24",
            "customer_owned_ipv4_pool": "",
            "id": "subnet-07c339643cd37df3a",
            "ipv6_cidr_block": "",
            "ipv6_cidr_block_association_id": "",
            "map_customer_owned_ip_on_launch": false,
            "map_public_ip_on_launch": false,
            "outpost_arn": "",
            "owner_id": "945782535729",
            "tags": {
              "Name": "education-vpc-private-us-east-2a",
              "kubernetes.io/cluster/education-eks-pDNTRu6C": "shared",
              "kubernetes.io/role/internal-elb": "1"
            },
            "tags_all": {
              "Name": "education-vpc-private-us-east-2a",
              "kubernetes.io/cluster/education-eks-pDNTRu6C": "shared",
              "kubernetes.io/role/internal-elb": "1"
            },
            "timeouts": null,
            "vpc_id": "vpc-0a6d4da4b03925237"
          },
          "sensitive_attributes": [],
          "private": "eyJlMmJmYjczMC1lY2FhLTExZTYtOGY4OC0zNDM2M2JjN2M0YzAiOnsiY3JlYXRlIjo2MDAwMDAwMDAwMDAsImRlbGV0ZSI6MTIwMDAwMDAwMDAwMH0sInNjaGVtYV92ZXJzaW9uIjoiMSJ9",
          "dependencies": [
            "module.vpc.aws_vpc_ipv4_cidr_block_association.this",
            "random_string.suffix",
            "data.aws_availability_zones.available",
            "module.vpc.aws_vpc.this"
          ],
          "create_before_destroy": true
        },
        {
          "index_key": 1,
          "schema_version": 1,
          "attributes": {
            "arn": "arn:aws:ec2:us-east-2:945782535729:subnet/subnet-04a830940e7e2a63c",
            "assign_ipv6_address_on_creation": false,
            "availability_zone": "us-east-2b",
            "availability_zone_id": "use2-az2",
            "cidr_block": "10.0.2.0/24",
            "customer_owned_ipv4_pool": "",
            "id": "subnet-04a830940e7e2a63c",
            "ipv6_cidr_block": "",
            "ipv6_cidr_block_association_id": "",
            "map_customer_owned_ip_on_launch": false,
            "map_public_ip_on_launch": false,
            "outpost_arn": "",
            "owner_id": "945782535729",
            "tags": {
              "Name": "education-vpc-private-us-east-2b",
              "kubernetes.io/cluster/education-eks-pDNTRu6C": "shared",
              "kubernetes.io/role/internal-elb": "1"
            },
            "tags_all": {
              "Name": "education-vpc-private-us-east-2b",
              "kubernetes.io/cluster/education-eks-pDNTRu6C": "shared",
              "kubernetes.io/role/internal-elb": "1"
            },
            "timeouts": null,
            "vpc_id": "vpc-0a6d4da4b03925237"
          },
          "sensitive_attributes": [],
          "private": "eyJlMmJmYjczMC1lY2FhLTExZTYtOGY4OC0zNDM2M2JjN2M0YzAiOnsiY3JlYXRlIjo2MDAwMDAwMDAwMDAsImRlbGV0ZSI6MTIwMDAwMDAwMDAwMH0sInNjaGVtYV92ZXJzaW9uIjoiMSJ9",
          "dependencies": [
            "module.vpc.aws_vpc.this",
            "module.vpc.aws_vpc_ipv4_cidr_block_association.this",
            "random_string.suffix",
            "data.aws_availability_zones.available"
          ],
          "create_before_destroy": true
        },
        {
          "index_key": 2,
          "schema_version": 1,
          "attributes": {
            "arn": "arn:aws:ec2:us-east-2:945782535729:subnet/subnet-0189fc2a4bd80a39a",
            "assign_ipv6_address_on_creation": false,
            "availability_zone": "us-east-2c",
            "availability_zone_id": "use2-az3",
            "cidr_block": "10.0.3.0/24",
            "customer_owned_ipv4_pool": "",
            "id": "subnet-0189fc2a4bd80a39a",
            "ipv6_cidr_block": "",
            "ipv6_cidr_block_association_id": "",
            "map_customer_owned_ip_on_launch": false,
            "map_public_ip_on_launch": false,
            "outpost_arn": "",
            "owner_id": "945782535729",
            "tags": {
              "Name": "education-vpc-private-us-east-2c",
              "kubernetes.io/cluster/education-eks-pDNTRu6C": "shared",
              "kubernetes.io/role/internal-elb": "1"
            },
            "tags_all": {
              "Name": "education-vpc-private-us-east-2c",
              "kubernetes.io/cluster/education-eks-pDNTRu6C": "shared",
              "kubernetes.io/role/internal-elb": "1"
            },
            "timeouts": null,
            "vpc_id": "vpc-0a6d4da4b03925237"
          },
          "sensitive_attributes": [],
          "private": "eyJlMmJmYjczMC1lY2FhLTExZTYtOGY4OC0zNDM2M2JjN2M0YzAiOnsiY3JlYXRlIjo2MDAwMDAwMDAwMDAsImRlbGV0ZSI6MTIwMDAwMDAwMDAwMH0sInNjaGVtYV92ZXJzaW9uIjoiMSJ9",
          "dependencies": [
            "data.aws_availability_zones.available",
            "module.vpc.aws_vpc.this",
            "module.vpc.aws_vpc_ipv4_cidr_block_association.this",
            "random_string.suffix"
          ],
          "create_before_destroy": true
        }
      ]
    },
    {
      "module": "module.vpc",
      "mode": "managed",
      "type": "aws_subnet",
      "name": "public",
      "provider": "provider[\"registry.terraform.io/hashicorp/aws\"]",
      "instances": [
        {
          "index_key": 0,
          "schema_version": 1,
          "attributes": {
            "arn": "arn:aws:ec2:us-east-2:945782535729:subnet/subnet-0230fd39fee4f90f0",
            "assign_ipv6_address_on_creation": false,
            "availability_zone": "us-east-2a",
            "availability_zone_id": "use2-az1",
            "cidr_block": "10.0.4.0/24",
            "customer_owned_ipv4_pool": "",
            "id": "subnet-0230fd39fee4f90f0",
            "ipv6_cidr_block": "",
            "ipv6_cidr_block_association_id": "",
            "map_customer_owned_ip_on_launch": false,
            "map_public_ip_on_launch": true,
            "outpost_arn": "",
            "owner_id": "945782535729",
            "tags": {
              "Name": "education-vpc-public-us-east-2a",
              "kubernetes.io/cluster/education-eks-pDNTRu6C": "shared",
              "kubernetes.io/role/elb": "1"
            },
            "tags_all": {
              "Name": "education-vpc-public-us-east-2a",
              "kubernetes.io/cluster/education-eks-pDNTRu6C": "shared",
              "kubernetes.io/role/elb": "1"
            },
            "timeouts": null,
            "vpc_id": "vpc-0a6d4da4b03925237"
          },
          "sensitive_attributes": [],
          "private": "eyJlMmJmYjczMC1lY2FhLTExZTYtOGY4OC0zNDM2M2JjN2M0YzAiOnsiY3JlYXRlIjo2MDAwMDAwMDAwMDAsImRlbGV0ZSI6MTIwMDAwMDAwMDAwMH0sInNjaGVtYV92ZXJzaW9uIjoiMSJ9",
          "dependencies": [
            "module.vpc.aws_vpc_ipv4_cidr_block_association.this",
            "random_string.suffix",
            "data.aws_availability_zones.available",
            "module.vpc.aws_vpc.this"
          ]
        },
        {
          "index_key": 1,
          "schema_version": 1,
          "attributes": {
            "arn": "arn:aws:ec2:us-east-2:945782535729:subnet/subnet-0de3d4e73cc510038",
            "assign_ipv6_address_on_creation": false,
            "availability_zone": "us-east-2b",
            "availability_zone_id": "use2-az2",
            "cidr_block": "10.0.5.0/24",
            "customer_owned_ipv4_pool": "",
            "id": "subnet-0de3d4e73cc510038",
            "ipv6_cidr_block": "",
            "ipv6_cidr_block_association_id": "",
            "map_customer_owned_ip_on_launch": false,
            "map_public_ip_on_launch": true,
            "outpost_arn": "",
            "owner_id": "945782535729",
            "tags": {
              "Name": "education-vpc-public-us-east-2b",
              "kubernetes.io/cluster/education-eks-pDNTRu6C": "shared",
              "kubernetes.io/role/elb": "1"
            },
            "tags_all": {
              "Name": "education-vpc-public-us-east-2b",
              "kubernetes.io/cluster/education-eks-pDNTRu6C": "shared",
              "kubernetes.io/role/elb": "1"
            },
            "timeouts": null,
            "vpc_id": "vpc-0a6d4da4b03925237"
          },
          "sensitive_attributes": [],
          "private": "eyJlMmJmYjczMC1lY2FhLTExZTYtOGY4OC0zNDM2M2JjN2M0YzAiOnsiY3JlYXRlIjo2MDAwMDAwMDAwMDAsImRlbGV0ZSI6MTIwMDAwMDAwMDAwMH0sInNjaGVtYV92ZXJzaW9uIjoiMSJ9",
          "dependencies": [
            "module.vpc.aws_vpc.this",
            "module.vpc.aws_vpc_ipv4_cidr_block_association.this",
            "random_string.suffix",
            "data.aws_availability_zones.available"
          ]
        },
        {
          "index_key": 2,
          "schema_version": 1,
          "attributes": {
            "arn": "arn:aws:ec2:us-east-2:945782535729:subnet/subnet-0b360d39b0039d0c9",
            "assign_ipv6_address_on_creation": false,
            "availability_zone": "us-east-2c",
            "availability_zone_id": "use2-az3",
            "cidr_block": "10.0.6.0/24",
            "customer_owned_ipv4_pool": "",
            "id": "subnet-0b360d39b0039d0c9",
            "ipv6_cidr_block": "",
            "ipv6_cidr_block_association_id": "",
            "map_customer_owned_ip_on_launch": false,
            "map_public_ip_on_launch": true,
            "outpost_arn": "",
            "owner_id": "945782535729",
            "tags": {
              "Name": "education-vpc-public-us-east-2c",
              "kubernetes.io/cluster/education-eks-pDNTRu6C": "shared",
              "kubernetes.io/role/elb": "1"
            },
            "tags_all": {
              "Name": "education-vpc-public-us-east-2c",
              "kubernetes.io/cluster/education-eks-pDNTRu6C": "shared",
              "kubernetes.io/role/elb": "1"
            },
            "timeouts": null,
            "vpc_id": "vpc-0a6d4da4b03925237"
          },
          "sensitive_attributes": [],
          "private": "eyJlMmJmYjczMC1lY2FhLTExZTYtOGY4OC0zNDM2M2JjN2M0YzAiOnsiY3JlYXRlIjo2MDAwMDAwMDAwMDAsImRlbGV0ZSI6MTIwMDAwMDAwMDAwMH0sInNjaGVtYV92ZXJzaW9uIjoiMSJ9",
          "dependencies": [
            "data.aws_availability_zones.available",
            "module.vpc.aws_vpc.this",
            "module.vpc.aws_vpc_ipv4_cidr_block_association.this",
            "random_string.suffix"
          ]
        }
      ]
    },
    {
      "module": "module.vpc",
      "mode": "managed",
      "type": "aws_vpc",
      "name": "this",
      "provider": "provider[\"registry.terraform.io/hashicorp/aws\"]",
      "instances": [
        {
          "index_key": 0,
          "schema_version": 1,
          "attributes": {
            "arn": "arn:aws:ec2:us-east-2:945782535729:vpc/vpc-0a6d4da4b03925237",
            "assign_generated_ipv6_cidr_block": false,
            "cidr_block": "10.0.0.0/16",
            "default_network_acl_id": "acl-0d93dddde795a5a33",
            "default_route_table_id": "rtb-02dd60cc379849372",
            "default_security_group_id": "sg-0d7ebee9c0d8402a6",
            "dhcp_options_id": "dopt-00dc4c6b",
            "enable_classiclink": null,
            "enable_classiclink_dns_support": null,
            "enable_dns_hostnames": true,
            "enable_dns_support": true,
            "id": "vpc-0a6d4da4b03925237",
            "instance_tenancy": "default",
            "ipv6_association_id": "",
            "ipv6_cidr_block": "",
            "main_route_table_id": "rtb-02dd60cc379849372",
            "owner_id": "945782535729",
            "tags": {
              "Name": "education-vpc",
              "kubernetes.io/cluster/education-eks-pDNTRu6C": "shared"
            },
            "tags_all": {
              "Name": "education-vpc",
              "kubernetes.io/cluster/education-eks-pDNTRu6C": "shared"
            }
          },
          "sensitive_attributes": [],
          "private": "eyJzY2hlbWFfdmVyc2lvbiI6IjEifQ==",
          "dependencies": [
            "random_string.suffix"
          ],
          "create_before_destroy": true
        }
      ]
    }
  ]
}
